
Microsoft Visual Studio Solution File, Format Version 12.00
# Visual Studio 14
VisualStudioVersion = 14.0.25420.1
MinimumVisualStudioVersion = 10.0.40219.1
Project("{2150E333-8FDC-42A3-9474-1A3956D46DE8}") = "src", "src", "{15A55F4A-FC33-4D96-BAAD-FBDCDD96D5F5}"
EndProject
Project("{2150E333-8FDC-42A3-9474-1A3956D46DE8}") = "Solution Items", "Solution Items", "{FA1B4021-0A97-4F68-B966-148191F6AAA8}"
	ProjectSection(SolutionItems) = preProject
		build-definition.ps1 = build-definition.ps1
		build.ps1 = build.ps1
		global.json = global.json
		NuGet.config = NuGet.config
		README.md = README.md
	EndProjectSection
	ProjectSection(FolderGlobals) = preProject
		global_1json__JSONSchema = http://json.schemastore.org/global
	EndProjectSection
EndProject
Project("{2150E333-8FDC-42A3-9474-1A3956D46DE8}") = "test", "test", "{1669F896-133C-4996-B58C-E7CDA299ADFF}"
EndProject
Project("{2150E333-8FDC-42A3-9474-1A3956D46DE8}") = "WebSites", "WebSites", "{245144DE-BC89-4822-B044-020458BFECC0}"
EndProject
Project("{8BB2217D-0F2D-49D1-97BC-3654ED321F3B}") = "Swashbuckle.SwaggerGen", "src\Swashbuckle.SwaggerGen\Swashbuckle.SwaggerGen.xproj", "{4AC6DB4A-CBA2-493D-88F8-82D631B9DA7B}"
EndProject
Project("{8BB2217D-0F2D-49D1-97BC-3654ED321F3B}") = "Swashbuckle.SwaggerUi", "src\Swashbuckle.SwaggerUi\Swashbuckle.SwaggerUi.xproj", "{1C14CC40-1D89-4DA9-A1D8-237FD8922371}"
EndProject
Project("{8BB2217D-0F2D-49D1-97BC-3654ED321F3B}") = "Swashbuckle.SwaggerGen.Test", "test\Swashbuckle.SwaggerGen.Test\Swashbuckle.SwaggerGen.Test.xproj", "{6E1DF729-097E-4BAA-86E4-61BD8A6C5209}"
EndProject
Project("{8BB2217D-0F2D-49D1-97BC-3654ED321F3B}") = "Basic", "test\WebSites\Basic\Basic.xproj", "{B4C24875-7238-4408-AABF-1BB18E001312}"
EndProject
Project("{8BB2217D-0F2D-49D1-97BC-3654ED321F3B}") = "MultipleVersions", "test\Websites\MultipleVersions\MultipleVersions.xproj", "{B23C0C45-5B6F-4428-851B-766408517B13}"
EndProject
Project("{8BB2217D-0F2D-49D1-97BC-3654ED321F3B}") = "SecuritySchemes", "test\Websites\SecuritySchemes\SecuritySchemes.xproj", "{44CD874E-A25E-466A-99AB-544BB900A33C}"
EndProject
Project("{8BB2217D-0F2D-49D1-97BC-3654ED321F3B}") = "CustomizedUi", "test\WebSites\CustomizedUi\CustomizedUi.xproj", "{55DCE4FA-9D46-43CD-B19C-17215EEE68E4}"
EndProject
Project("{8BB2217D-0F2D-49D1-97BC-3654ED321F3B}") = "VirtualDirectory", "test\WebSites\VirtualDirectory\VirtualDirectory.xproj", "{28B55065-BFE6-4C82-AFD3-6157408BBC37}"
EndProject
Project("{2150E333-8FDC-42A3-9474-1A3956D46DE8}") = "Swashbuckle", "Swashbuckle", "{06E1906A-B74B-417A-B7D3-58C3FD71B1AB}"
	ProjectSection(SolutionItems) = preProject
		src\Swashbuckle\project.json = src\Swashbuckle\project.json
	EndProjectSection
EndProject
Project("{8BB2217D-0F2D-49D1-97BC-3654ED321F3B}") = "Swashbuckle.IntegrationTests", "test\Swashbuckle.IntegrationTests\Swashbuckle.IntegrationTests.xproj", "{FAE3AE3A-E5B2-44B1-B402-FD96899C444B}"
EndProject
Project("{8BB2217D-0F2D-49D1-97BC-3654ED321F3B}") = "Swashbuckle.Swagger", "src\Swashbuckle.Swagger\Swashbuckle.Swagger.xproj", "{60EF9E95-84D6-44CE-968D-50237424CB16}"
EndProject
Project("{2150E333-8FDC-42A3-9474-1A3956D46DE8}") = "tools", "tools", "{6F62AF84-EC97-42DC-9419-7A973C88CD0C}"
EndProject
Project("{2150E333-8FDC-42A3-9474-1A3956D46DE8}") = "psake", "psake", "{9EE36544-121A-4D8C-95C5-0C872C21D978}"
	ProjectSection(SolutionItems) = preProject
		tools\psake\psake.cmd = tools\psake\psake.cmd
		tools\psake\psake.ps1 = tools\psake\psake.ps1
		tools\psake\psake.psd1 = tools\psake\psake.psd1
		tools\psake\psake.psm1 = tools\psake\psake.psm1
	EndProjectSection
EndProject
Global
	GlobalSection(SolutionConfigurationPlatforms) = preSolution
		Debug|Any CPU = Debug|Any CPU
		Release|Any CPU = Release|Any CPU
	EndGlobalSection
	GlobalSection(ProjectConfigurationPlatforms) = postSolution
		{4AC6DB4A-CBA2-493D-88F8-82D631B9DA7B}.Debug|Any CPU.ActiveCfg = Debug|Any CPU
		{4AC6DB4A-CBA2-493D-88F8-82D631B9DA7B}.Debug|Any CPU.Build.0 = Debug|Any CPU
		{4AC6DB4A-CBA2-493D-88F8-82D631B9DA7B}.Release|Any CPU.ActiveCfg = Release|Any CPU
		{4AC6DB4A-CBA2-493D-88F8-82D631B9DA7B}.Release|Any CPU.Build.0 = Release|Any CPU
		{1C14CC40-1D89-4DA9-A1D8-237FD8922371}.Debug|Any CPU.ActiveCfg = Debug|Any CPU
		{1C14CC40-1D89-4DA9-A1D8-237FD8922371}.Debug|Any CPU.Build.0 = Debug|Any CPU
		{1C14CC40-1D89-4DA9-A1D8-237FD8922371}.Release|Any CPU.ActiveCfg = Release|Any CPU
		{1C14CC40-1D89-4DA9-A1D8-237FD8922371}.Release|Any CPU.Build.0 = Release|Any CPU
		{6E1DF729-097E-4BAA-86E4-61BD8A6C5209}.Debug|Any CPU.ActiveCfg = Debug|Any CPU
		{6E1DF729-097E-4BAA-86E4-61BD8A6C5209}.Debug|Any CPU.Build.0 = Debug|Any CPU
		{6E1DF729-097E-4BAA-86E4-61BD8A6C5209}.Release|Any CPU.ActiveCfg = Release|Any CPU
		{6E1DF729-097E-4BAA-86E4-61BD8A6C5209}.Release|Any CPU.Build.0 = Release|Any CPU
		{B4C24875-7238-4408-AABF-1BB18E001312}.Debug|Any CPU.ActiveCfg = Debug|Any CPU
		{B4C24875-7238-4408-AABF-1BB18E001312}.Debug|Any CPU.Build.0 = Debug|Any CPU
		{B4C24875-7238-4408-AABF-1BB18E001312}.Release|Any CPU.ActiveCfg = Release|Any CPU
		{B4C24875-7238-4408-AABF-1BB18E001312}.Release|Any CPU.Build.0 = Release|Any CPU
		{B23C0C45-5B6F-4428-851B-766408517B13}.Debug|Any CPU.ActiveCfg = Debug|Any CPU
		{B23C0C45-5B6F-4428-851B-766408517B13}.Debug|Any CPU.Build.0 = Debug|Any CPU
		{B23C0C45-5B6F-4428-851B-766408517B13}.Release|Any CPU.ActiveCfg = Release|Any CPU
		{B23C0C45-5B6F-4428-851B-766408517B13}.Release|Any CPU.Build.0 = Release|Any CPU
		{44CD874E-A25E-466A-99AB-544BB900A33C}.Debug|Any CPU.ActiveCfg = Debug|Any CPU
		{44CD874E-A25E-466A-99AB-544BB900A33C}.Debug|Any CPU.Build.0 = Debug|Any CPU
		{44CD874E-A25E-466A-99AB-544BB900A33C}.Release|Any CPU.ActiveCfg = Release|Any CPU
		{44CD874E-A25E-466A-99AB-544BB900A33C}.Release|Any CPU.Build.0 = Release|Any CPU
		{55DCE4FA-9D46-43CD-B19C-17215EEE68E4}.Debug|Any CPU.ActiveCfg = Debug|Any CPU
		{55DCE4FA-9D46-43CD-B19C-17215EEE68E4}.Debug|Any CPU.Build.0 = Debug|Any CPU
		{55DCE4FA-9D46-43CD-B19C-17215EEE68E4}.Release|Any CPU.ActiveCfg = Release|Any CPU
		{55DCE4FA-9D46-43CD-B19C-17215EEE68E4}.Release|Any CPU.Build.0 = Release|Any CPU
		{28B55065-BFE6-4C82-AFD3-6157408BBC37}.Debug|Any CPU.ActiveCfg = Debug|Any CPU
		{28B55065-BFE6-4C82-AFD3-6157408BBC37}.Debug|Any CPU.Build.0 = Debug|Any CPU
		{28B55065-BFE6-4C82-AFD3-6157408BBC37}.Release|Any CPU.ActiveCfg = Release|Any CPU
		{28B55065-BFE6-4C82-AFD3-6157408BBC37}.Release|Any CPU.Build.0 = Release|Any CPU
		{FAE3AE3A-E5B2-44B1-B402-FD96899C444B}.Debug|Any CPU.ActiveCfg = Debug|Any CPU
		{FAE3AE3A-E5B2-44B1-B402-FD96899C444B}.Debug|Any CPU.Build.0 = Debug|Any CPU
		{FAE3AE3A-E5B2-44B1-B402-FD96899C444B}.Release|Any CPU.ActiveCfg = Release|Any CPU
		{FAE3AE3A-E5B2-44B1-B402-FD96899C444B}.Release|Any CPU.Build.0 = Release|Any CPU
		{60EF9E95-84D6-44CE-968D-50237424CB16}.Debug|Any CPU.ActiveCfg = Debug|Any CPU
		{60EF9E95-84D6-44CE-968D-50237424CB16}.Debug|Any CPU.Build.0 = Debug|Any CPU
		{60EF9E95-84D6-44CE-968D-50237424CB16}.Release|Any CPU.ActiveCfg = Release|Any CPU
		{60EF9E95-84D6-44CE-968D-50237424CB16}.Release|Any CPU.Build.0 = Release|Any CPU
	EndGlobalSection
	GlobalSection(SolutionProperties) = preSolution
		HideSolutionNode = FALSE
	EndGlobalSection
	GlobalSection(NestedProjects) = preSolution
		{245144DE-BC89-4822-B044-020458BFECC0} = {1669F896-133C-4996-B58C-E7CDA299ADFF}
		{4AC6DB4A-CBA2-493D-88F8-82D631B9DA7B} = {15A55F4A-FC33-4D96-BAAD-FBDCDD96D5F5}
		{1C14CC40-1D89-4DA9-A1D8-237FD8922371} = {15A55F4A-FC33-4D96-BAAD-FBDCDD96D5F5}
		{6E1DF729-097E-4BAA-86E4-61BD8A6C5209} = {1669F896-133C-4996-B58C-E7CDA299ADFF}
		{B4C24875-7238-4408-AABF-1BB18E001312} = {245144DE-BC89-4822-B044-020458BFECC0}
		{B23C0C45-5B6F-4428-851B-766408517B13} = {245144DE-BC89-4822-B044-020458BFECC0}
		{44CD874E-A25E-466A-99AB-544BB900A33C} = {245144DE-BC89-4822-B044-020458BFECC0}
		{55DCE4FA-9D46-43CD-B19C-17215EEE68E4} = {245144DE-BC89-4822-B044-020458BFECC0}
		{28B55065-BFE6-4C82-AFD3-6157408BBC37} = {245144DE-BC89-4822-B044-020458BFECC0}
		{06E1906A-B74B-417A-B7D3-58C3FD71B1AB} = {15A55F4A-FC33-4D96-BAAD-FBDCDD96D5F5}
		{FAE3AE3A-E5B2-44B1-B402-FD96899C444B} = {1669F896-133C-4996-B58C-E7CDA299ADFF}
		{60EF9E95-84D6-44CE-968D-50237424CB16} = {15A55F4A-FC33-4D96-BAAD-FBDCDD96D5F5}
		{6F62AF84-EC97-42DC-9419-7A973C88CD0C} = {FA1B4021-0A97-4F68-B966-148191F6AAA8}
		{9EE36544-121A-4D8C-95C5-0C872C21D978} = {6F62AF84-EC97-42DC-9419-7A973C88CD0C}
	EndGlobalSection
EndGlobal
