
Microsoft Visual Studio Solution File, Format Version 12.00
# Visual Studio 14
VisualStudioVersion = 14.0.22823.1
MinimumVisualStudioVersion = 10.0.40219.1
Project("{2150E333-8FDC-42A3-9474-1A3956D46DE8}") = "src", "src", "{15A55F4A-FC33-4D96-BAAD-FBDCDD96D5F5}"
EndProject
Project("{2150E333-8FDC-42A3-9474-1A3956D46DE8}") = "Solution Items", "Solution Items", "{FA1B4021-0A97-4F68-B966-148191F6AAA8}"
	ProjectSection(SolutionItems) = preProject
		global.json = global.json
	EndProjectSection
	ProjectSection(FolderGlobals) = preProject
		global_1json__JSONSchema = http://json.schemastore.org/global
	EndProjectSection
EndProject
Project("{2150E333-8FDC-42A3-9474-1A3956D46DE8}") = "test", "test", "{1669F896-133C-4996-B58C-E7CDA299ADFF}"
EndProject
Project("{2150E333-8FDC-42A3-9474-1A3956D46DE8}") = "WebSites", "WebSites", "{245144DE-BC89-4822-B044-020458BFECC0}"
EndProject
Project("{8BB2217D-0F2D-49D1-97BC-3654ED321F3B}") = "BasicApi", "test\WebSites\BasicApi\BasicApi.xproj", "{9C17146C-085A-40EA-8883-3169AF99A662}"
EndProject
Project("{8BB2217D-0F2D-49D1-97BC-3654ED321F3B}") = "VersionedApi", "test\WebSites\VersionedApi\VersionedApi.xproj", "{0434ADF4-4798-4DC5-879C-B184E9C35B41}"
EndProject
Project("{8BB2217D-0F2D-49D1-97BC-3654ED321F3B}") = "SecureApi", "test\WebSites\SecureApi\SecureApi.xproj", "{26AB8CF2-6B46-4B1D-B43C-57FE0C0ED165}"
EndProject
Project("{8BB2217D-0F2D-49D1-97BC-3654ED321F3B}") = "Swashbuckle", "src\Swashbuckle\Swashbuckle.xproj", "{19D3A02C-A96C-477B-8946-F6F5DAB58FC8}"
EndProject
Project("{8BB2217D-0F2D-49D1-97BC-3654ED321F3B}") = "Swashbuckle.Test", "test\Swashbuckle.Test\Swashbuckle.Test.xproj", "{6E1DF729-097E-4BAA-86E4-61BD8A6C5209}"
EndProject
Global
	GlobalSection(SolutionConfigurationPlatforms) = preSolution
		Debug|Any CPU = Debug|Any CPU
		Release|Any CPU = Release|Any CPU
	EndGlobalSection
	GlobalSection(ProjectConfigurationPlatforms) = postSolution
		{9C17146C-085A-40EA-8883-3169AF99A662}.Debug|Any CPU.ActiveCfg = Debug|Any CPU
		{9C17146C-085A-40EA-8883-3169AF99A662}.Debug|Any CPU.Build.0 = Debug|Any CPU
		{9C17146C-085A-40EA-8883-3169AF99A662}.Release|Any CPU.ActiveCfg = Release|Any CPU
		{9C17146C-085A-40EA-8883-3169AF99A662}.Release|Any CPU.Build.0 = Release|Any CPU
		{0434ADF4-4798-4DC5-879C-B184E9C35B41}.Debug|Any CPU.ActiveCfg = Debug|Any CPU
		{0434ADF4-4798-4DC5-879C-B184E9C35B41}.Debug|Any CPU.Build.0 = Debug|Any CPU
		{0434ADF4-4798-4DC5-879C-B184E9C35B41}.Release|Any CPU.ActiveCfg = Release|Any CPU
		{0434ADF4-4798-4DC5-879C-B184E9C35B41}.Release|Any CPU.Build.0 = Release|Any CPU
		{26AB8CF2-6B46-4B1D-B43C-57FE0C0ED165}.Debug|Any CPU.ActiveCfg = Debug|Any CPU
		{26AB8CF2-6B46-4B1D-B43C-57FE0C0ED165}.Debug|Any CPU.Build.0 = Debug|Any CPU
		{26AB8CF2-6B46-4B1D-B43C-57FE0C0ED165}.Release|Any CPU.ActiveCfg = Release|Any CPU
		{26AB8CF2-6B46-4B1D-B43C-57FE0C0ED165}.Release|Any CPU.Build.0 = Release|Any CPU
		{19D3A02C-A96C-477B-8946-F6F5DAB58FC8}.Debug|Any CPU.ActiveCfg = Debug|Any CPU
		{19D3A02C-A96C-477B-8946-F6F5DAB58FC8}.Debug|Any CPU.Build.0 = Debug|Any CPU
		{19D3A02C-A96C-477B-8946-F6F5DAB58FC8}.Release|Any CPU.ActiveCfg = Release|Any CPU
		{19D3A02C-A96C-477B-8946-F6F5DAB58FC8}.Release|Any CPU.Build.0 = Release|Any CPU
		{6E1DF729-097E-4BAA-86E4-61BD8A6C5209}.Debug|Any CPU.ActiveCfg = Debug|Any CPU
		{6E1DF729-097E-4BAA-86E4-61BD8A6C5209}.Debug|Any CPU.Build.0 = Debug|Any CPU
		{6E1DF729-097E-4BAA-86E4-61BD8A6C5209}.Release|Any CPU.ActiveCfg = Release|Any CPU
		{6E1DF729-097E-4BAA-86E4-61BD8A6C5209}.Release|Any CPU.Build.0 = Release|Any CPU
	EndGlobalSection
	GlobalSection(SolutionProperties) = preSolution
		HideSolutionNode = FALSE
	EndGlobalSection
	GlobalSection(NestedProjects) = preSolution
		{245144DE-BC89-4822-B044-020458BFECC0} = {1669F896-133C-4996-B58C-E7CDA299ADFF}
		{9C17146C-085A-40EA-8883-3169AF99A662} = {245144DE-BC89-4822-B044-020458BFECC0}
		{0434ADF4-4798-4DC5-879C-B184E9C35B41} = {245144DE-BC89-4822-B044-020458BFECC0}
		{26AB8CF2-6B46-4B1D-B43C-57FE0C0ED165} = {245144DE-BC89-4822-B044-020458BFECC0}
		{19D3A02C-A96C-477B-8946-F6F5DAB58FC8} = {15A55F4A-FC33-4D96-BAAD-FBDCDD96D5F5}
		{6E1DF729-097E-4BAA-86E4-61BD8A6C5209} = {1669F896-133C-4996-B58C-E7CDA299ADFF}
	EndGlobalSection
EndGlobal
