{
  "requires": true,
  "lockfileVersion": 1,
  "dependencies": {
    "swashbuckle": {
      "version": "file:src/Swashbuckle.AspNetCore.SwaggerUI",
      "requires": {
        "swagger-ui-dist": "3.19.5"
      },
      "dependencies": {
        "swagger-ui-dist": {
          "version": "3.19.5",
          "bundled": true
        }
      }
    }
  }
}
