
Microsoft Visual Studio Solution File, Format Version 12.00
# Visual Studio Version 16
VisualStudioVersion = 16.0.28714.193
MinimumVisualStudioVersion = 10.0.40219.1
Project("{2150E333-8FDC-42A3-9474-1A3956D46DE8}") = "src", "src", "{15A55F4A-FC33-4D96-BAAD-FBDCDD96D5F5}"
EndProject
Project("{2150E333-8FDC-42A3-9474-1A3956D46DE8}") = "Solution Items", "Solution Items", "{FA1B4021-0A97-4F68-B966-148191F6AAA8}"
	ProjectSection(SolutionItems) = preProject
		.gitignore = .gitignore
		appveyor.yml = appveyor.yml
		CONTRIBUTING.md = CONTRIBUTING.md
		src\Directory.Build.props = src\Directory.Build.props
		ISSUE_TEMPLATE.md = ISSUE_TEMPLATE.md
		README.md = README.md
	EndProjectSection
	ProjectSection(FolderGlobals) = preProject
		global_1json__JSONSchema = http://json.schemastore.org/global
	EndProjectSection
EndProject
Project("{2150E333-8FDC-42A3-9474-1A3956D46DE8}") = "test", "test", "{1669F896-133C-4996-B58C-E7CDA299ADFF}"
EndProject
Project("{2150E333-8FDC-42A3-9474-1A3956D46DE8}") = "WebSites", "WebSites", "{245144DE-BC89-4822-B044-020458BFECC0}"
EndProject
Project("{9A19103F-16F7-4668-BE54-9A1E7A4F7556}") = "Swashbuckle.AspNetCore.Swagger", "src\Swashbuckle.AspNetCore.Swagger\Swashbuckle.AspNetCore.Swagger.csproj", "{60EF9E95-84D6-44CE-968D-50237424CB16}"
EndProject
Project("{9A19103F-16F7-4668-BE54-9A1E7A4F7556}") = "Swashbuckle.AspNetCore.SwaggerGen", "src\Swashbuckle.AspNetCore.SwaggerGen\Swashbuckle.AspNetCore.SwaggerGen.csproj", "{4AC6DB4A-CBA2-493D-88F8-82D631B9DA7B}"
EndProject
Project("{9A19103F-16F7-4668-BE54-9A1E7A4F7556}") = "Swashbuckle.AspNetCore.SwaggerGen.Test", "test\Swashbuckle.AspNetCore.SwaggerGen.Test\Swashbuckle.AspNetCore.SwaggerGen.Test.csproj", "{6E1DF729-097E-4BAA-86E4-61BD8A6C5209}"
EndProject
Project("{9A19103F-16F7-4668-BE54-9A1E7A4F7556}") = "Swashbuckle.AspNetCore.IntegrationTests", "test\Swashbuckle.AspNetCore.IntegrationTests\Swashbuckle.AspNetCore.IntegrationTests.csproj", "{FAE3AE3A-E5B2-44B1-B402-FD96899C444B}"
EndProject
Project("{9A19103F-16F7-4668-BE54-9A1E7A4F7556}") = "Swashbuckle.AspNetCore", "src\Swashbuckle.AspNetCore\Swashbuckle.AspNetCore.csproj", "{7D077710-1B4A-4DEC-96E9-CE6192D4493D}"
EndProject
Project("{2150E333-8FDC-42A3-9474-1A3956D46DE8}") = "ci", "ci", "{65B4042A-F6DC-423A-A494-7CFD610E671B}"
	ProjectSection(SolutionItems) = preProject
		ci\build.ps1 = ci\build.ps1
		ci\test.ps1 = ci\test.ps1
	EndProjectSection
EndProject
Project("{9A19103F-16F7-4668-BE54-9A1E7A4F7556}") = "Swashbuckle.AspNetCore.ReDoc", "src\Swashbuckle.AspNetCore.ReDoc\Swashbuckle.AspNetCore.ReDoc.csproj", "{B5E94C7D-B76E-4181-87E5-ACD8971A987E}"
EndProject
Project("{9A19103F-16F7-4668-BE54-9A1E7A4F7556}") = "CliExample", "test\WebSites\CliExample\CliExample.csproj", "{F3575FC3-7134-4B72-B1E3-8D4CDEEF2C92}"
EndProject
Project("{9A19103F-16F7-4668-BE54-9A1E7A4F7556}") = "ReDoc", "test\WebSites\ReDoc\ReDoc.csproj", "{5E8D6CF1-5388-4CA2-B2F8-EBCCD7233C32}"
EndProject
Project("{9A19103F-16F7-4668-BE54-9A1E7A4F7556}") = "Swashbuckle.AspNetCore.Cli", "src\Swashbuckle.AspNetCore.Cli\Swashbuckle.AspNetCore.Cli.csproj", "{3164424E-D74A-45CD-BE17-BE33ED79C090}"
EndProject
Project("{9A19103F-16F7-4668-BE54-9A1E7A4F7556}") = "Swashbuckle.AspNetCore.Cli.Test", "test\Swashbuckle.AspNetCore.Cli.Test\Swashbuckle.AspNetCore.Cli.Test.csproj", "{8E30579D-086D-460E-BD1A-EB0FF928212F}"
EndProject
Project("{9A19103F-16F7-4668-BE54-9A1E7A4F7556}") = "Swashbuckle.AspNetCore.Annotations", "src\Swashbuckle.AspNetCore.Annotations\Swashbuckle.AspNetCore.Annotations.csproj", "{3A64AC4B-E68A-4FAF-AA47-2C41DF090DEF}"
EndProject
Project("{9A19103F-16F7-4668-BE54-9A1E7A4F7556}") = "Swashbuckle.AspNetCore.Annotations.Test", "test\Swashbuckle.AspNetCore.Annotations.Test\Swashbuckle.AspNetCore.Annotations.Test.csproj", "{47CB5DDC-D02E-4F39-B4B2-4716F094C597}"
EndProject
Project("{9A19103F-16F7-4668-BE54-9A1E7A4F7556}") = "OAuth2Integration", "test\WebSites\OAuth2Integration\OAuth2Integration.csproj", "{A0162363-B43F-4243-8A20-8064B161C190}"
EndProject
Project("{9A19103F-16F7-4668-BE54-9A1E7A4F7556}") = "ConfigFromFile", "test\WebSites\ConfigFromFile\ConfigFromFile.csproj", "{221F533C-BCB5-4742-ACE3-25561D545EA4}"
EndProject
Project("{9A19103F-16F7-4668-BE54-9A1E7A4F7556}") = "TestFirst", "test\WebSites\TestFirst\TestFirst.csproj", "{B69B8131-7F3B-4872-8C6E-B18EA82A138B}"
EndProject
Project("{9A19103F-16F7-4668-BE54-9A1E7A4F7556}") = "TestFirst.IntegrationTests", "test\WebSites\TestFirst.IntegrationTests\TestFirst.IntegrationTests.csproj", "{6A520C89-4048-43AD-B3B4-B3ED75C9297B}"
EndProject
Project("{9A19103F-16F7-4668-BE54-9A1E7A4F7556}") = "Swashbuckle.AspNetCore.ApiTesting", "src\Swashbuckle.AspNetCore.ApiTesting\Swashbuckle.AspNetCore.ApiTesting.csproj", "{E77079C1-51C1-47F1-A841-B4BF040EFFA0}"
EndProject
Project("{9A19103F-16F7-4668-BE54-9A1E7A4F7556}") = "Swashbuckle.AspNetCore.ApiTesting.Xunit", "src\Swashbuckle.AspNetCore.ApiTesting.Xunit\Swashbuckle.AspNetCore.ApiTesting.Xunit.csproj", "{756A46AA-E577-4500-9FBA-D3D406811DB5}"
EndProject
Project("{9A19103F-16F7-4668-BE54-9A1E7A4F7556}") = "Swashbuckle.AspNetCore.ApiTesting.Test", "test\Swashbuckle.AspNetCore.ApiTesting.Test\Swashbuckle.AspNetCore.ApiTesting.Test.csproj", "{79A1A89C-11D0-4976-BFFB-78B0A2998666}"
EndProject
Project("{9A19103F-16F7-4668-BE54-9A1E7A4F7556}") = "Basic", "test\WebSites\Basic\Basic.csproj", "{AE656FEE-CC8F-4BD0-A0C2-5A6B4AD11BAB}"
EndProject
Project("{9A19103F-16F7-4668-BE54-9A1E7A4F7556}") = "CustomUIConfig", "test\WebSites\CustomUIConfig\CustomUIConfig.csproj", "{1FA9BCB4-49CE-40EA-A990-2D7FBB4275D8}"
EndProject
Project("{9A19103F-16F7-4668-BE54-9A1E7A4F7556}") = "CustomUIIndex", "test\WebSites\CustomUIIndex\CustomUIIndex.csproj", "{00BF595E-2843-493C-95B2-2DA5A6E36627}"
EndProject
Project("{9A19103F-16F7-4668-BE54-9A1E7A4F7556}") = "GenericControllers", "test\WebSites\GenericControllers\GenericControllers.csproj", "{3EE4B26C-FE8C-4DFB-8BCC-92A37A2A50D4}"
EndProject
Project("{9A19103F-16F7-4668-BE54-9A1E7A4F7556}") = "MultipleVersions", "test\WebSites\MultipleVersions\MultipleVersions.csproj", "{13A88FDF-5628-4B21-95E2-3DAEF396BAA0}"
EndProject
Project("{9A19103F-16F7-4668-BE54-9A1E7A4F7556}") = "NetCore21", "test\WebSites\NetCore21\NetCore21.csproj", "{BB570B42-0F2F-4B59-BEAE-5F1B43856ACA}"
EndProject
Project("{9A19103F-16F7-4668-BE54-9A1E7A4F7556}") = "Swashbuckle.AspNetCore.Newtonsoft", "src\Swashbuckle.AspNetCore.Newtonsoft\Swashbuckle.AspNetCore.Newtonsoft.csproj", "{0783E72E-3483-43AF-AE4B-2A6CFAFD3DD3}"
EndProject
Project("{9A19103F-16F7-4668-BE54-9A1E7A4F7556}") = "Swashbuckle.AspNetCore.Newtonsoft.Test", "test\Swashbuckle.AspNetCore.Newtonsoft.Test\Swashbuckle.AspNetCore.Newtonsoft.Test.csproj", "{605AA0D3-2AA7-46B4-811B-85DC1B1A3901}"
EndProject
Project("{9A19103F-16F7-4668-BE54-9A1E7A4F7556}") = "CliExampleWithFactory", "test\WebSites\CliExampleWithFactory\CliExampleWithFactory.csproj", "{322813C4-0458-4F98-965D-568AD2C819CE}"
EndProject
Project("{9A19103F-16F7-4668-BE54-9A1E7A4F7556}") = "Swashbuckle.AspNetCore.TestSupport", "test\Swashbuckle.AspNetCore.TestSupport\Swashbuckle.AspNetCore.TestSupport.csproj", "{6E3C0128-931F-4438-AEDD-984E0E2B2C7B}"
EndProject
Project("{9A19103F-16F7-4668-BE54-9A1E7A4F7556}") = "NSwagClientExample", "test\WebSites\NswagClientExample\NSwagClientExample.csproj", "{9840E751-5845-431C-943B-C75CAE596A45}"
EndProject
Project("{9A19103F-16F7-4668-BE54-9A1E7A4F7556}") = "Swashbuckle.AspNetCore.SwaggerUI", "src\Swashbuckle.AspNetCore.SwaggerUI\Swashbuckle.AspNetCore.SwaggerUI.csproj", "{7F045714-B571-45A4-A75E-D3B8386D4E33}"
EndProject
Global
	GlobalSection(SolutionConfigurationPlatforms) = preSolution
		Debug|Any CPU = Debug|Any CPU
		Debug|x64 = Debug|x64
		Debug|x86 = Debug|x86
		Release|Any CPU = Release|Any CPU
		Release|x64 = Release|x64
		Release|x86 = Release|x86
	EndGlobalSection
	GlobalSection(ProjectConfigurationPlatforms) = postSolution
		{60EF9E95-84D6-44CE-968D-50237424CB16}.Debug|Any CPU.ActiveCfg = Debug|Any CPU
		{60EF9E95-84D6-44CE-968D-50237424CB16}.Debug|Any CPU.Build.0 = Debug|Any CPU
		{60EF9E95-84D6-44CE-968D-50237424CB16}.Debug|x64.ActiveCfg = Debug|Any CPU
		{60EF9E95-84D6-44CE-968D-50237424CB16}.Debug|x64.Build.0 = Debug|Any CPU
		{60EF9E95-84D6-44CE-968D-50237424CB16}.Debug|x86.ActiveCfg = Debug|Any CPU
		{60EF9E95-84D6-44CE-968D-50237424CB16}.Debug|x86.Build.0 = Debug|Any CPU
		{60EF9E95-84D6-44CE-968D-50237424CB16}.Release|Any CPU.ActiveCfg = Release|Any CPU
		{60EF9E95-84D6-44CE-968D-50237424CB16}.Release|Any CPU.Build.0 = Release|Any CPU
		{60EF9E95-84D6-44CE-968D-50237424CB16}.Release|x64.ActiveCfg = Release|Any CPU
		{60EF9E95-84D6-44CE-968D-50237424CB16}.Release|x64.Build.0 = Release|Any CPU
		{60EF9E95-84D6-44CE-968D-50237424CB16}.Release|x86.ActiveCfg = Release|Any CPU
		{60EF9E95-84D6-44CE-968D-50237424CB16}.Release|x86.Build.0 = Release|Any CPU
		{4AC6DB4A-CBA2-493D-88F8-82D631B9DA7B}.Debug|Any CPU.ActiveCfg = Debug|Any CPU
		{4AC6DB4A-CBA2-493D-88F8-82D631B9DA7B}.Debug|Any CPU.Build.0 = Debug|Any CPU
		{4AC6DB4A-CBA2-493D-88F8-82D631B9DA7B}.Debug|x64.ActiveCfg = Debug|Any CPU
		{4AC6DB4A-CBA2-493D-88F8-82D631B9DA7B}.Debug|x64.Build.0 = Debug|Any CPU
		{4AC6DB4A-CBA2-493D-88F8-82D631B9DA7B}.Debug|x86.ActiveCfg = Debug|Any CPU
		{4AC6DB4A-CBA2-493D-88F8-82D631B9DA7B}.Debug|x86.Build.0 = Debug|Any CPU
		{4AC6DB4A-CBA2-493D-88F8-82D631B9DA7B}.Release|Any CPU.ActiveCfg = Release|Any CPU
		{4AC6DB4A-CBA2-493D-88F8-82D631B9DA7B}.Release|Any CPU.Build.0 = Release|Any CPU
		{4AC6DB4A-CBA2-493D-88F8-82D631B9DA7B}.Release|x64.ActiveCfg = Release|Any CPU
		{4AC6DB4A-CBA2-493D-88F8-82D631B9DA7B}.Release|x64.Build.0 = Release|Any CPU
		{4AC6DB4A-CBA2-493D-88F8-82D631B9DA7B}.Release|x86.ActiveCfg = Release|Any CPU
		{4AC6DB4A-CBA2-493D-88F8-82D631B9DA7B}.Release|x86.Build.0 = Release|Any CPU
		{6E1DF729-097E-4BAA-86E4-61BD8A6C5209}.Debug|Any CPU.ActiveCfg = Debug|Any CPU
		{6E1DF729-097E-4BAA-86E4-61BD8A6C5209}.Debug|Any CPU.Build.0 = Debug|Any CPU
		{6E1DF729-097E-4BAA-86E4-61BD8A6C5209}.Debug|x64.ActiveCfg = Debug|Any CPU
		{6E1DF729-097E-4BAA-86E4-61BD8A6C5209}.Debug|x64.Build.0 = Debug|Any CPU
		{6E1DF729-097E-4BAA-86E4-61BD8A6C5209}.Debug|x86.ActiveCfg = Debug|Any CPU
		{6E1DF729-097E-4BAA-86E4-61BD8A6C5209}.Debug|x86.Build.0 = Debug|Any CPU
		{6E1DF729-097E-4BAA-86E4-61BD8A6C5209}.Release|Any CPU.ActiveCfg = Release|Any CPU
		{6E1DF729-097E-4BAA-86E4-61BD8A6C5209}.Release|Any CPU.Build.0 = Release|Any CPU
		{6E1DF729-097E-4BAA-86E4-61BD8A6C5209}.Release|x64.ActiveCfg = Release|Any CPU
		{6E1DF729-097E-4BAA-86E4-61BD8A6C5209}.Release|x64.Build.0 = Release|Any CPU
		{6E1DF729-097E-4BAA-86E4-61BD8A6C5209}.Release|x86.ActiveCfg = Release|Any CPU
		{6E1DF729-097E-4BAA-86E4-61BD8A6C5209}.Release|x86.Build.0 = Release|Any CPU
		{FAE3AE3A-E5B2-44B1-B402-FD96899C444B}.Debug|Any CPU.ActiveCfg = Debug|Any CPU
		{FAE3AE3A-E5B2-44B1-B402-FD96899C444B}.Debug|Any CPU.Build.0 = Debug|Any CPU
		{FAE3AE3A-E5B2-44B1-B402-FD96899C444B}.Debug|x64.ActiveCfg = Debug|Any CPU
		{FAE3AE3A-E5B2-44B1-B402-FD96899C444B}.Debug|x64.Build.0 = Debug|Any CPU
		{FAE3AE3A-E5B2-44B1-B402-FD96899C444B}.Debug|x86.ActiveCfg = Debug|Any CPU
		{FAE3AE3A-E5B2-44B1-B402-FD96899C444B}.Debug|x86.Build.0 = Debug|Any CPU
		{FAE3AE3A-E5B2-44B1-B402-FD96899C444B}.Release|Any CPU.ActiveCfg = Release|Any CPU
		{FAE3AE3A-E5B2-44B1-B402-FD96899C444B}.Release|Any CPU.Build.0 = Release|Any CPU
		{FAE3AE3A-E5B2-44B1-B402-FD96899C444B}.Release|x64.ActiveCfg = Release|Any CPU
		{FAE3AE3A-E5B2-44B1-B402-FD96899C444B}.Release|x64.Build.0 = Release|Any CPU
		{FAE3AE3A-E5B2-44B1-B402-FD96899C444B}.Release|x86.ActiveCfg = Release|Any CPU
		{FAE3AE3A-E5B2-44B1-B402-FD96899C444B}.Release|x86.Build.0 = Release|Any CPU
		{7D077710-1B4A-4DEC-96E9-CE6192D4493D}.Debug|Any CPU.ActiveCfg = Debug|Any CPU
		{7D077710-1B4A-4DEC-96E9-CE6192D4493D}.Debug|Any CPU.Build.0 = Debug|Any CPU
		{7D077710-1B4A-4DEC-96E9-CE6192D4493D}.Debug|x64.ActiveCfg = Debug|Any CPU
		{7D077710-1B4A-4DEC-96E9-CE6192D4493D}.Debug|x64.Build.0 = Debug|Any CPU
		{7D077710-1B4A-4DEC-96E9-CE6192D4493D}.Debug|x86.ActiveCfg = Debug|Any CPU
		{7D077710-1B4A-4DEC-96E9-CE6192D4493D}.Debug|x86.Build.0 = Debug|Any CPU
		{7D077710-1B4A-4DEC-96E9-CE6192D4493D}.Release|Any CPU.ActiveCfg = Release|Any CPU
		{7D077710-1B4A-4DEC-96E9-CE6192D4493D}.Release|Any CPU.Build.0 = Release|Any CPU
		{7D077710-1B4A-4DEC-96E9-CE6192D4493D}.Release|x64.ActiveCfg = Release|Any CPU
		{7D077710-1B4A-4DEC-96E9-CE6192D4493D}.Release|x64.Build.0 = Release|Any CPU
		{7D077710-1B4A-4DEC-96E9-CE6192D4493D}.Release|x86.ActiveCfg = Release|Any CPU
		{7D077710-1B4A-4DEC-96E9-CE6192D4493D}.Release|x86.Build.0 = Release|Any CPU
		{B5E94C7D-B76E-4181-87E5-ACD8971A987E}.Debug|Any CPU.ActiveCfg = Debug|Any CPU
		{B5E94C7D-B76E-4181-87E5-ACD8971A987E}.Debug|Any CPU.Build.0 = Debug|Any CPU
		{B5E94C7D-B76E-4181-87E5-ACD8971A987E}.Debug|x64.ActiveCfg = Debug|Any CPU
		{B5E94C7D-B76E-4181-87E5-ACD8971A987E}.Debug|x64.Build.0 = Debug|Any CPU
		{B5E94C7D-B76E-4181-87E5-ACD8971A987E}.Debug|x86.ActiveCfg = Debug|Any CPU
		{B5E94C7D-B76E-4181-87E5-ACD8971A987E}.Debug|x86.Build.0 = Debug|Any CPU
		{B5E94C7D-B76E-4181-87E5-ACD8971A987E}.Release|Any CPU.ActiveCfg = Release|Any CPU
		{B5E94C7D-B76E-4181-87E5-ACD8971A987E}.Release|Any CPU.Build.0 = Release|Any CPU
		{B5E94C7D-B76E-4181-87E5-ACD8971A987E}.Release|x64.ActiveCfg = Release|Any CPU
		{B5E94C7D-B76E-4181-87E5-ACD8971A987E}.Release|x64.Build.0 = Release|Any CPU
		{B5E94C7D-B76E-4181-87E5-ACD8971A987E}.Release|x86.ActiveCfg = Release|Any CPU
		{B5E94C7D-B76E-4181-87E5-ACD8971A987E}.Release|x86.Build.0 = Release|Any CPU
		{F3575FC3-7134-4B72-B1E3-8D4CDEEF2C92}.Debug|Any CPU.ActiveCfg = Debug|Any CPU
		{F3575FC3-7134-4B72-B1E3-8D4CDEEF2C92}.Debug|Any CPU.Build.0 = Debug|Any CPU
		{F3575FC3-7134-4B72-B1E3-8D4CDEEF2C92}.Debug|x64.ActiveCfg = Debug|Any CPU
		{F3575FC3-7134-4B72-B1E3-8D4CDEEF2C92}.Debug|x64.Build.0 = Debug|Any CPU
		{F3575FC3-7134-4B72-B1E3-8D4CDEEF2C92}.Debug|x86.ActiveCfg = Debug|Any CPU
		{F3575FC3-7134-4B72-B1E3-8D4CDEEF2C92}.Debug|x86.Build.0 = Debug|Any CPU
		{F3575FC3-7134-4B72-B1E3-8D4CDEEF2C92}.Release|Any CPU.ActiveCfg = Release|Any CPU
		{F3575FC3-7134-4B72-B1E3-8D4CDEEF2C92}.Release|Any CPU.Build.0 = Release|Any CPU
		{F3575FC3-7134-4B72-B1E3-8D4CDEEF2C92}.Release|x64.ActiveCfg = Release|Any CPU
		{F3575FC3-7134-4B72-B1E3-8D4CDEEF2C92}.Release|x64.Build.0 = Release|Any CPU
		{F3575FC3-7134-4B72-B1E3-8D4CDEEF2C92}.Release|x86.ActiveCfg = Release|Any CPU
		{F3575FC3-7134-4B72-B1E3-8D4CDEEF2C92}.Release|x86.Build.0 = Release|Any CPU
		{5E8D6CF1-5388-4CA2-B2F8-EBCCD7233C32}.Debug|Any CPU.ActiveCfg = Debug|Any CPU
		{5E8D6CF1-5388-4CA2-B2F8-EBCCD7233C32}.Debug|Any CPU.Build.0 = Debug|Any CPU
		{5E8D6CF1-5388-4CA2-B2F8-EBCCD7233C32}.Debug|x64.ActiveCfg = Debug|Any CPU
		{5E8D6CF1-5388-4CA2-B2F8-EBCCD7233C32}.Debug|x64.Build.0 = Debug|Any CPU
		{5E8D6CF1-5388-4CA2-B2F8-EBCCD7233C32}.Debug|x86.ActiveCfg = Debug|Any CPU
		{5E8D6CF1-5388-4CA2-B2F8-EBCCD7233C32}.Debug|x86.Build.0 = Debug|Any CPU
		{5E8D6CF1-5388-4CA2-B2F8-EBCCD7233C32}.Release|Any CPU.ActiveCfg = Release|Any CPU
		{5E8D6CF1-5388-4CA2-B2F8-EBCCD7233C32}.Release|Any CPU.Build.0 = Release|Any CPU
		{5E8D6CF1-5388-4CA2-B2F8-EBCCD7233C32}.Release|x64.ActiveCfg = Release|Any CPU
		{5E8D6CF1-5388-4CA2-B2F8-EBCCD7233C32}.Release|x64.Build.0 = Release|Any CPU
		{5E8D6CF1-5388-4CA2-B2F8-EBCCD7233C32}.Release|x86.ActiveCfg = Release|Any CPU
		{5E8D6CF1-5388-4CA2-B2F8-EBCCD7233C32}.Release|x86.Build.0 = Release|Any CPU
		{3164424E-D74A-45CD-BE17-BE33ED79C090}.Debug|Any CPU.ActiveCfg = Debug|Any CPU
		{3164424E-D74A-45CD-BE17-BE33ED79C090}.Debug|Any CPU.Build.0 = Debug|Any CPU
		{3164424E-D74A-45CD-BE17-BE33ED79C090}.Debug|x64.ActiveCfg = Debug|Any CPU
		{3164424E-D74A-45CD-BE17-BE33ED79C090}.Debug|x64.Build.0 = Debug|Any CPU
		{3164424E-D74A-45CD-BE17-BE33ED79C090}.Debug|x86.ActiveCfg = Debug|Any CPU
		{3164424E-D74A-45CD-BE17-BE33ED79C090}.Debug|x86.Build.0 = Debug|Any CPU
		{3164424E-D74A-45CD-BE17-BE33ED79C090}.Release|Any CPU.ActiveCfg = Release|Any CPU
		{3164424E-D74A-45CD-BE17-BE33ED79C090}.Release|Any CPU.Build.0 = Release|Any CPU
		{3164424E-D74A-45CD-BE17-BE33ED79C090}.Release|x64.ActiveCfg = Release|Any CPU
		{3164424E-D74A-45CD-BE17-BE33ED79C090}.Release|x64.Build.0 = Release|Any CPU
		{3164424E-D74A-45CD-BE17-BE33ED79C090}.Release|x86.ActiveCfg = Release|Any CPU
		{3164424E-D74A-45CD-BE17-BE33ED79C090}.Release|x86.Build.0 = Release|Any CPU
		{8E30579D-086D-460E-BD1A-EB0FF928212F}.Debug|Any CPU.ActiveCfg = Debug|Any CPU
		{8E30579D-086D-460E-BD1A-EB0FF928212F}.Debug|Any CPU.Build.0 = Debug|Any CPU
		{8E30579D-086D-460E-BD1A-EB0FF928212F}.Debug|x64.ActiveCfg = Debug|Any CPU
		{8E30579D-086D-460E-BD1A-EB0FF928212F}.Debug|x64.Build.0 = Debug|Any CPU
		{8E30579D-086D-460E-BD1A-EB0FF928212F}.Debug|x86.ActiveCfg = Debug|Any CPU
		{8E30579D-086D-460E-BD1A-EB0FF928212F}.Debug|x86.Build.0 = Debug|Any CPU
		{8E30579D-086D-460E-BD1A-EB0FF928212F}.Release|Any CPU.ActiveCfg = Release|Any CPU
		{8E30579D-086D-460E-BD1A-EB0FF928212F}.Release|Any CPU.Build.0 = Release|Any CPU
		{8E30579D-086D-460E-BD1A-EB0FF928212F}.Release|x64.ActiveCfg = Release|Any CPU
		{8E30579D-086D-460E-BD1A-EB0FF928212F}.Release|x64.Build.0 = Release|Any CPU
		{8E30579D-086D-460E-BD1A-EB0FF928212F}.Release|x86.ActiveCfg = Release|Any CPU
		{8E30579D-086D-460E-BD1A-EB0FF928212F}.Release|x86.Build.0 = Release|Any CPU
		{3A64AC4B-E68A-4FAF-AA47-2C41DF090DEF}.Debug|Any CPU.ActiveCfg = Debug|Any CPU
		{3A64AC4B-E68A-4FAF-AA47-2C41DF090DEF}.Debug|Any CPU.Build.0 = Debug|Any CPU
		{3A64AC4B-E68A-4FAF-AA47-2C41DF090DEF}.Debug|x64.ActiveCfg = Debug|Any CPU
		{3A64AC4B-E68A-4FAF-AA47-2C41DF090DEF}.Debug|x64.Build.0 = Debug|Any CPU
		{3A64AC4B-E68A-4FAF-AA47-2C41DF090DEF}.Debug|x86.ActiveCfg = Debug|Any CPU
		{3A64AC4B-E68A-4FAF-AA47-2C41DF090DEF}.Debug|x86.Build.0 = Debug|Any CPU
		{3A64AC4B-E68A-4FAF-AA47-2C41DF090DEF}.Release|Any CPU.ActiveCfg = Release|Any CPU
		{3A64AC4B-E68A-4FAF-AA47-2C41DF090DEF}.Release|Any CPU.Build.0 = Release|Any CPU
		{3A64AC4B-E68A-4FAF-AA47-2C41DF090DEF}.Release|x64.ActiveCfg = Release|Any CPU
		{3A64AC4B-E68A-4FAF-AA47-2C41DF090DEF}.Release|x64.Build.0 = Release|Any CPU
		{3A64AC4B-E68A-4FAF-AA47-2C41DF090DEF}.Release|x86.ActiveCfg = Release|Any CPU
		{3A64AC4B-E68A-4FAF-AA47-2C41DF090DEF}.Release|x86.Build.0 = Release|Any CPU
		{47CB5DDC-D02E-4F39-B4B2-4716F094C597}.Debug|Any CPU.ActiveCfg = Debug|Any CPU
		{47CB5DDC-D02E-4F39-B4B2-4716F094C597}.Debug|Any CPU.Build.0 = Debug|Any CPU
		{47CB5DDC-D02E-4F39-B4B2-4716F094C597}.Debug|x64.ActiveCfg = Debug|Any CPU
		{47CB5DDC-D02E-4F39-B4B2-4716F094C597}.Debug|x64.Build.0 = Debug|Any CPU
		{47CB5DDC-D02E-4F39-B4B2-4716F094C597}.Debug|x86.ActiveCfg = Debug|Any CPU
		{47CB5DDC-D02E-4F39-B4B2-4716F094C597}.Debug|x86.Build.0 = Debug|Any CPU
		{47CB5DDC-D02E-4F39-B4B2-4716F094C597}.Release|Any CPU.ActiveCfg = Release|Any CPU
		{47CB5DDC-D02E-4F39-B4B2-4716F094C597}.Release|Any CPU.Build.0 = Release|Any CPU
		{47CB5DDC-D02E-4F39-B4B2-4716F094C597}.Release|x64.ActiveCfg = Release|Any CPU
		{47CB5DDC-D02E-4F39-B4B2-4716F094C597}.Release|x64.Build.0 = Release|Any CPU
		{47CB5DDC-D02E-4F39-B4B2-4716F094C597}.Release|x86.ActiveCfg = Release|Any CPU
		{47CB5DDC-D02E-4F39-B4B2-4716F094C597}.Release|x86.Build.0 = Release|Any CPU
		{A0162363-B43F-4243-8A20-8064B161C190}.Debug|Any CPU.ActiveCfg = Debug|Any CPU
		{A0162363-B43F-4243-8A20-8064B161C190}.Debug|Any CPU.Build.0 = Debug|Any CPU
		{A0162363-B43F-4243-8A20-8064B161C190}.Debug|x64.ActiveCfg = Debug|Any CPU
		{A0162363-B43F-4243-8A20-8064B161C190}.Debug|x64.Build.0 = Debug|Any CPU
		{A0162363-B43F-4243-8A20-8064B161C190}.Debug|x86.ActiveCfg = Debug|Any CPU
		{A0162363-B43F-4243-8A20-8064B161C190}.Debug|x86.Build.0 = Debug|Any CPU
		{A0162363-B43F-4243-8A20-8064B161C190}.Release|Any CPU.ActiveCfg = Release|Any CPU
		{A0162363-B43F-4243-8A20-8064B161C190}.Release|Any CPU.Build.0 = Release|Any CPU
		{A0162363-B43F-4243-8A20-8064B161C190}.Release|x64.ActiveCfg = Release|Any CPU
		{A0162363-B43F-4243-8A20-8064B161C190}.Release|x64.Build.0 = Release|Any CPU
		{A0162363-B43F-4243-8A20-8064B161C190}.Release|x86.ActiveCfg = Release|Any CPU
		{A0162363-B43F-4243-8A20-8064B161C190}.Release|x86.Build.0 = Release|Any CPU
		{221F533C-BCB5-4742-ACE3-25561D545EA4}.Debug|Any CPU.ActiveCfg = Debug|Any CPU
		{221F533C-BCB5-4742-ACE3-25561D545EA4}.Debug|Any CPU.Build.0 = Debug|Any CPU
		{221F533C-BCB5-4742-ACE3-25561D545EA4}.Debug|x64.ActiveCfg = Debug|Any CPU
		{221F533C-BCB5-4742-ACE3-25561D545EA4}.Debug|x64.Build.0 = Debug|Any CPU
		{221F533C-BCB5-4742-ACE3-25561D545EA4}.Debug|x86.ActiveCfg = Debug|Any CPU
		{221F533C-BCB5-4742-ACE3-25561D545EA4}.Debug|x86.Build.0 = Debug|Any CPU
		{221F533C-BCB5-4742-ACE3-25561D545EA4}.Release|Any CPU.ActiveCfg = Release|Any CPU
		{221F533C-BCB5-4742-ACE3-25561D545EA4}.Release|Any CPU.Build.0 = Release|Any CPU
		{221F533C-BCB5-4742-ACE3-25561D545EA4}.Release|x64.ActiveCfg = Release|Any CPU
		{221F533C-BCB5-4742-ACE3-25561D545EA4}.Release|x64.Build.0 = Release|Any CPU
		{221F533C-BCB5-4742-ACE3-25561D545EA4}.Release|x86.ActiveCfg = Release|Any CPU
		{221F533C-BCB5-4742-ACE3-25561D545EA4}.Release|x86.Build.0 = Release|Any CPU
		{B69B8131-7F3B-4872-8C6E-B18EA82A138B}.Debug|Any CPU.ActiveCfg = Debug|Any CPU
		{B69B8131-7F3B-4872-8C6E-B18EA82A138B}.Debug|Any CPU.Build.0 = Debug|Any CPU
		{B69B8131-7F3B-4872-8C6E-B18EA82A138B}.Debug|x64.ActiveCfg = Debug|Any CPU
		{B69B8131-7F3B-4872-8C6E-B18EA82A138B}.Debug|x64.Build.0 = Debug|Any CPU
		{B69B8131-7F3B-4872-8C6E-B18EA82A138B}.Debug|x86.ActiveCfg = Debug|Any CPU
		{B69B8131-7F3B-4872-8C6E-B18EA82A138B}.Debug|x86.Build.0 = Debug|Any CPU
		{B69B8131-7F3B-4872-8C6E-B18EA82A138B}.Release|Any CPU.ActiveCfg = Release|Any CPU
		{B69B8131-7F3B-4872-8C6E-B18EA82A138B}.Release|Any CPU.Build.0 = Release|Any CPU
		{B69B8131-7F3B-4872-8C6E-B18EA82A138B}.Release|x64.ActiveCfg = Release|Any CPU
		{B69B8131-7F3B-4872-8C6E-B18EA82A138B}.Release|x64.Build.0 = Release|Any CPU
		{B69B8131-7F3B-4872-8C6E-B18EA82A138B}.Release|x86.ActiveCfg = Release|Any CPU
		{B69B8131-7F3B-4872-8C6E-B18EA82A138B}.Release|x86.Build.0 = Release|Any CPU
		{6A520C89-4048-43AD-B3B4-B3ED75C9297B}.Debug|Any CPU.ActiveCfg = Debug|Any CPU
		{6A520C89-4048-43AD-B3B4-B3ED75C9297B}.Debug|Any CPU.Build.0 = Debug|Any CPU
		{6A520C89-4048-43AD-B3B4-B3ED75C9297B}.Debug|x64.ActiveCfg = Debug|Any CPU
		{6A520C89-4048-43AD-B3B4-B3ED75C9297B}.Debug|x64.Build.0 = Debug|Any CPU
		{6A520C89-4048-43AD-B3B4-B3ED75C9297B}.Debug|x86.ActiveCfg = Debug|Any CPU
		{6A520C89-4048-43AD-B3B4-B3ED75C9297B}.Debug|x86.Build.0 = Debug|Any CPU
		{6A520C89-4048-43AD-B3B4-B3ED75C9297B}.Release|Any CPU.ActiveCfg = Release|Any CPU
		{6A520C89-4048-43AD-B3B4-B3ED75C9297B}.Release|Any CPU.Build.0 = Release|Any CPU
		{6A520C89-4048-43AD-B3B4-B3ED75C9297B}.Release|x64.ActiveCfg = Release|Any CPU
		{6A520C89-4048-43AD-B3B4-B3ED75C9297B}.Release|x64.Build.0 = Release|Any CPU
		{6A520C89-4048-43AD-B3B4-B3ED75C9297B}.Release|x86.ActiveCfg = Release|Any CPU
		{6A520C89-4048-43AD-B3B4-B3ED75C9297B}.Release|x86.Build.0 = Release|Any CPU
		{E77079C1-51C1-47F1-A841-B4BF040EFFA0}.Debug|Any CPU.ActiveCfg = Debug|Any CPU
		{E77079C1-51C1-47F1-A841-B4BF040EFFA0}.Debug|Any CPU.Build.0 = Debug|Any CPU
		{E77079C1-51C1-47F1-A841-B4BF040EFFA0}.Debug|x64.ActiveCfg = Debug|Any CPU
		{E77079C1-51C1-47F1-A841-B4BF040EFFA0}.Debug|x64.Build.0 = Debug|Any CPU
		{E77079C1-51C1-47F1-A841-B4BF040EFFA0}.Debug|x86.ActiveCfg = Debug|Any CPU
		{E77079C1-51C1-47F1-A841-B4BF040EFFA0}.Debug|x86.Build.0 = Debug|Any CPU
		{E77079C1-51C1-47F1-A841-B4BF040EFFA0}.Release|Any CPU.ActiveCfg = Release|Any CPU
		{E77079C1-51C1-47F1-A841-B4BF040EFFA0}.Release|Any CPU.Build.0 = Release|Any CPU
		{E77079C1-51C1-47F1-A841-B4BF040EFFA0}.Release|x64.ActiveCfg = Release|Any CPU
		{E77079C1-51C1-47F1-A841-B4BF040EFFA0}.Release|x64.Build.0 = Release|Any CPU
		{E77079C1-51C1-47F1-A841-B4BF040EFFA0}.Release|x86.ActiveCfg = Release|Any CPU
		{E77079C1-51C1-47F1-A841-B4BF040EFFA0}.Release|x86.Build.0 = Release|Any CPU
		{756A46AA-E577-4500-9FBA-D3D406811DB5}.Debug|Any CPU.ActiveCfg = Debug|Any CPU
		{756A46AA-E577-4500-9FBA-D3D406811DB5}.Debug|Any CPU.Build.0 = Debug|Any CPU
		{756A46AA-E577-4500-9FBA-D3D406811DB5}.Debug|x64.ActiveCfg = Debug|Any CPU
		{756A46AA-E577-4500-9FBA-D3D406811DB5}.Debug|x64.Build.0 = Debug|Any CPU
		{756A46AA-E577-4500-9FBA-D3D406811DB5}.Debug|x86.ActiveCfg = Debug|Any CPU
		{756A46AA-E577-4500-9FBA-D3D406811DB5}.Debug|x86.Build.0 = Debug|Any CPU
		{756A46AA-E577-4500-9FBA-D3D406811DB5}.Release|Any CPU.ActiveCfg = Release|Any CPU
		{756A46AA-E577-4500-9FBA-D3D406811DB5}.Release|Any CPU.Build.0 = Release|Any CPU
		{756A46AA-E577-4500-9FBA-D3D406811DB5}.Release|x64.ActiveCfg = Release|Any CPU
		{756A46AA-E577-4500-9FBA-D3D406811DB5}.Release|x64.Build.0 = Release|Any CPU
		{756A46AA-E577-4500-9FBA-D3D406811DB5}.Release|x86.ActiveCfg = Release|Any CPU
		{756A46AA-E577-4500-9FBA-D3D406811DB5}.Release|x86.Build.0 = Release|Any CPU
		{79A1A89C-11D0-4976-BFFB-78B0A2998666}.Debug|Any CPU.ActiveCfg = Debug|Any CPU
		{79A1A89C-11D0-4976-BFFB-78B0A2998666}.Debug|Any CPU.Build.0 = Debug|Any CPU
		{79A1A89C-11D0-4976-BFFB-78B0A2998666}.Debug|x64.ActiveCfg = Debug|Any CPU
		{79A1A89C-11D0-4976-BFFB-78B0A2998666}.Debug|x64.Build.0 = Debug|Any CPU
		{79A1A89C-11D0-4976-BFFB-78B0A2998666}.Debug|x86.ActiveCfg = Debug|Any CPU
		{79A1A89C-11D0-4976-BFFB-78B0A2998666}.Debug|x86.Build.0 = Debug|Any CPU
		{79A1A89C-11D0-4976-BFFB-78B0A2998666}.Release|Any CPU.ActiveCfg = Release|Any CPU
		{79A1A89C-11D0-4976-BFFB-78B0A2998666}.Release|Any CPU.Build.0 = Release|Any CPU
		{79A1A89C-11D0-4976-BFFB-78B0A2998666}.Release|x64.ActiveCfg = Release|Any CPU
		{79A1A89C-11D0-4976-BFFB-78B0A2998666}.Release|x64.Build.0 = Release|Any CPU
		{79A1A89C-11D0-4976-BFFB-78B0A2998666}.Release|x86.ActiveCfg = Release|Any CPU
		{79A1A89C-11D0-4976-BFFB-78B0A2998666}.Release|x86.Build.0 = Release|Any CPU
		{AE656FEE-CC8F-4BD0-A0C2-5A6B4AD11BAB}.Debug|Any CPU.ActiveCfg = Debug|Any CPU
		{AE656FEE-CC8F-4BD0-A0C2-5A6B4AD11BAB}.Debug|Any CPU.Build.0 = Debug|Any CPU
		{AE656FEE-CC8F-4BD0-A0C2-5A6B4AD11BAB}.Debug|x64.ActiveCfg = Debug|Any CPU
		{AE656FEE-CC8F-4BD0-A0C2-5A6B4AD11BAB}.Debug|x64.Build.0 = Debug|Any CPU
		{AE656FEE-CC8F-4BD0-A0C2-5A6B4AD11BAB}.Debug|x86.ActiveCfg = Debug|Any CPU
		{AE656FEE-CC8F-4BD0-A0C2-5A6B4AD11BAB}.Debug|x86.Build.0 = Debug|Any CPU
		{AE656FEE-CC8F-4BD0-A0C2-5A6B4AD11BAB}.Release|Any CPU.ActiveCfg = Release|Any CPU
		{AE656FEE-CC8F-4BD0-A0C2-5A6B4AD11BAB}.Release|Any CPU.Build.0 = Release|Any CPU
		{AE656FEE-CC8F-4BD0-A0C2-5A6B4AD11BAB}.Release|x64.ActiveCfg = Release|Any CPU
		{AE656FEE-CC8F-4BD0-A0C2-5A6B4AD11BAB}.Release|x64.Build.0 = Release|Any CPU
		{AE656FEE-CC8F-4BD0-A0C2-5A6B4AD11BAB}.Release|x86.ActiveCfg = Release|Any CPU
		{AE656FEE-CC8F-4BD0-A0C2-5A6B4AD11BAB}.Release|x86.Build.0 = Release|Any CPU
		{1FA9BCB4-49CE-40EA-A990-2D7FBB4275D8}.Debug|Any CPU.ActiveCfg = Debug|Any CPU
		{1FA9BCB4-49CE-40EA-A990-2D7FBB4275D8}.Debug|Any CPU.Build.0 = Debug|Any CPU
		{1FA9BCB4-49CE-40EA-A990-2D7FBB4275D8}.Debug|x64.ActiveCfg = Debug|Any CPU
		{1FA9BCB4-49CE-40EA-A990-2D7FBB4275D8}.Debug|x64.Build.0 = Debug|Any CPU
		{1FA9BCB4-49CE-40EA-A990-2D7FBB4275D8}.Debug|x86.ActiveCfg = Debug|Any CPU
		{1FA9BCB4-49CE-40EA-A990-2D7FBB4275D8}.Debug|x86.Build.0 = Debug|Any CPU
		{1FA9BCB4-49CE-40EA-A990-2D7FBB4275D8}.Release|Any CPU.ActiveCfg = Release|Any CPU
		{1FA9BCB4-49CE-40EA-A990-2D7FBB4275D8}.Release|Any CPU.Build.0 = Release|Any CPU
		{1FA9BCB4-49CE-40EA-A990-2D7FBB4275D8}.Release|x64.ActiveCfg = Release|Any CPU
		{1FA9BCB4-49CE-40EA-A990-2D7FBB4275D8}.Release|x64.Build.0 = Release|Any CPU
		{1FA9BCB4-49CE-40EA-A990-2D7FBB4275D8}.Release|x86.ActiveCfg = Release|Any CPU
		{1FA9BCB4-49CE-40EA-A990-2D7FBB4275D8}.Release|x86.Build.0 = Release|Any CPU
		{00BF595E-2843-493C-95B2-2DA5A6E36627}.Debug|Any CPU.ActiveCfg = Debug|Any CPU
		{00BF595E-2843-493C-95B2-2DA5A6E36627}.Debug|Any CPU.Build.0 = Debug|Any CPU
		{00BF595E-2843-493C-95B2-2DA5A6E36627}.Debug|x64.ActiveCfg = Debug|Any CPU
		{00BF595E-2843-493C-95B2-2DA5A6E36627}.Debug|x64.Build.0 = Debug|Any CPU
		{00BF595E-2843-493C-95B2-2DA5A6E36627}.Debug|x86.ActiveCfg = Debug|Any CPU
		{00BF595E-2843-493C-95B2-2DA5A6E36627}.Debug|x86.Build.0 = Debug|Any CPU
		{00BF595E-2843-493C-95B2-2DA5A6E36627}.Release|Any CPU.ActiveCfg = Release|Any CPU
		{00BF595E-2843-493C-95B2-2DA5A6E36627}.Release|Any CPU.Build.0 = Release|Any CPU
		{00BF595E-2843-493C-95B2-2DA5A6E36627}.Release|x64.ActiveCfg = Release|Any CPU
		{00BF595E-2843-493C-95B2-2DA5A6E36627}.Release|x64.Build.0 = Release|Any CPU
		{00BF595E-2843-493C-95B2-2DA5A6E36627}.Release|x86.ActiveCfg = Release|Any CPU
		{00BF595E-2843-493C-95B2-2DA5A6E36627}.Release|x86.Build.0 = Release|Any CPU
		{3EE4B26C-FE8C-4DFB-8BCC-92A37A2A50D4}.Debug|Any CPU.ActiveCfg = Debug|Any CPU
		{3EE4B26C-FE8C-4DFB-8BCC-92A37A2A50D4}.Debug|Any CPU.Build.0 = Debug|Any CPU
		{3EE4B26C-FE8C-4DFB-8BCC-92A37A2A50D4}.Debug|x64.ActiveCfg = Debug|Any CPU
		{3EE4B26C-FE8C-4DFB-8BCC-92A37A2A50D4}.Debug|x64.Build.0 = Debug|Any CPU
		{3EE4B26C-FE8C-4DFB-8BCC-92A37A2A50D4}.Debug|x86.ActiveCfg = Debug|Any CPU
		{3EE4B26C-FE8C-4DFB-8BCC-92A37A2A50D4}.Debug|x86.Build.0 = Debug|Any CPU
		{3EE4B26C-FE8C-4DFB-8BCC-92A37A2A50D4}.Release|Any CPU.ActiveCfg = Release|Any CPU
		{3EE4B26C-FE8C-4DFB-8BCC-92A37A2A50D4}.Release|Any CPU.Build.0 = Release|Any CPU
		{3EE4B26C-FE8C-4DFB-8BCC-92A37A2A50D4}.Release|x64.ActiveCfg = Release|Any CPU
		{3EE4B26C-FE8C-4DFB-8BCC-92A37A2A50D4}.Release|x64.Build.0 = Release|Any CPU
		{3EE4B26C-FE8C-4DFB-8BCC-92A37A2A50D4}.Release|x86.ActiveCfg = Release|Any CPU
		{3EE4B26C-FE8C-4DFB-8BCC-92A37A2A50D4}.Release|x86.Build.0 = Release|Any CPU
		{13A88FDF-5628-4B21-95E2-3DAEF396BAA0}.Debug|Any CPU.ActiveCfg = Debug|Any CPU
		{13A88FDF-5628-4B21-95E2-3DAEF396BAA0}.Debug|Any CPU.Build.0 = Debug|Any CPU
		{13A88FDF-5628-4B21-95E2-3DAEF396BAA0}.Debug|x64.ActiveCfg = Debug|Any CPU
		{13A88FDF-5628-4B21-95E2-3DAEF396BAA0}.Debug|x64.Build.0 = Debug|Any CPU
		{13A88FDF-5628-4B21-95E2-3DAEF396BAA0}.Debug|x86.ActiveCfg = Debug|Any CPU
		{13A88FDF-5628-4B21-95E2-3DAEF396BAA0}.Debug|x86.Build.0 = Debug|Any CPU
		{13A88FDF-5628-4B21-95E2-3DAEF396BAA0}.Release|Any CPU.ActiveCfg = Release|Any CPU
		{13A88FDF-5628-4B21-95E2-3DAEF396BAA0}.Release|Any CPU.Build.0 = Release|Any CPU
		{13A88FDF-5628-4B21-95E2-3DAEF396BAA0}.Release|x64.ActiveCfg = Release|Any CPU
		{13A88FDF-5628-4B21-95E2-3DAEF396BAA0}.Release|x64.Build.0 = Release|Any CPU
		{13A88FDF-5628-4B21-95E2-3DAEF396BAA0}.Release|x86.ActiveCfg = Release|Any CPU
		{13A88FDF-5628-4B21-95E2-3DAEF396BAA0}.Release|x86.Build.0 = Release|Any CPU
		{BB570B42-0F2F-4B59-BEAE-5F1B43856ACA}.Debug|Any CPU.ActiveCfg = Debug|Any CPU
		{BB570B42-0F2F-4B59-BEAE-5F1B43856ACA}.Debug|Any CPU.Build.0 = Debug|Any CPU
		{BB570B42-0F2F-4B59-BEAE-5F1B43856ACA}.Debug|x64.ActiveCfg = Debug|Any CPU
		{BB570B42-0F2F-4B59-BEAE-5F1B43856ACA}.Debug|x64.Build.0 = Debug|Any CPU
		{BB570B42-0F2F-4B59-BEAE-5F1B43856ACA}.Debug|x86.ActiveCfg = Debug|Any CPU
		{BB570B42-0F2F-4B59-BEAE-5F1B43856ACA}.Debug|x86.Build.0 = Debug|Any CPU
		{BB570B42-0F2F-4B59-BEAE-5F1B43856ACA}.Release|Any CPU.ActiveCfg = Release|Any CPU
		{BB570B42-0F2F-4B59-BEAE-5F1B43856ACA}.Release|Any CPU.Build.0 = Release|Any CPU
		{BB570B42-0F2F-4B59-BEAE-5F1B43856ACA}.Release|x64.ActiveCfg = Release|Any CPU
		{BB570B42-0F2F-4B59-BEAE-5F1B43856ACA}.Release|x64.Build.0 = Release|Any CPU
		{BB570B42-0F2F-4B59-BEAE-5F1B43856ACA}.Release|x86.ActiveCfg = Release|Any CPU
		{BB570B42-0F2F-4B59-BEAE-5F1B43856ACA}.Release|x86.Build.0 = Release|Any CPU
		{0783E72E-3483-43AF-AE4B-2A6CFAFD3DD3}.Debug|Any CPU.ActiveCfg = Debug|Any CPU
		{0783E72E-3483-43AF-AE4B-2A6CFAFD3DD3}.Debug|Any CPU.Build.0 = Debug|Any CPU
		{0783E72E-3483-43AF-AE4B-2A6CFAFD3DD3}.Debug|x64.ActiveCfg = Debug|Any CPU
		{0783E72E-3483-43AF-AE4B-2A6CFAFD3DD3}.Debug|x64.Build.0 = Debug|Any CPU
		{0783E72E-3483-43AF-AE4B-2A6CFAFD3DD3}.Debug|x86.ActiveCfg = Debug|Any CPU
		{0783E72E-3483-43AF-AE4B-2A6CFAFD3DD3}.Debug|x86.Build.0 = Debug|Any CPU
		{0783E72E-3483-43AF-AE4B-2A6CFAFD3DD3}.Release|Any CPU.ActiveCfg = Release|Any CPU
		{0783E72E-3483-43AF-AE4B-2A6CFAFD3DD3}.Release|Any CPU.Build.0 = Release|Any CPU
		{0783E72E-3483-43AF-AE4B-2A6CFAFD3DD3}.Release|x64.ActiveCfg = Release|Any CPU
		{0783E72E-3483-43AF-AE4B-2A6CFAFD3DD3}.Release|x64.Build.0 = Release|Any CPU
		{0783E72E-3483-43AF-AE4B-2A6CFAFD3DD3}.Release|x86.ActiveCfg = Release|Any CPU
		{0783E72E-3483-43AF-AE4B-2A6CFAFD3DD3}.Release|x86.Build.0 = Release|Any CPU
		{605AA0D3-2AA7-46B4-811B-85DC1B1A3901}.Debug|Any CPU.ActiveCfg = Debug|Any CPU
		{605AA0D3-2AA7-46B4-811B-85DC1B1A3901}.Debug|Any CPU.Build.0 = Debug|Any CPU
		{605AA0D3-2AA7-46B4-811B-85DC1B1A3901}.Debug|x64.ActiveCfg = Debug|Any CPU
		{605AA0D3-2AA7-46B4-811B-85DC1B1A3901}.Debug|x64.Build.0 = Debug|Any CPU
		{605AA0D3-2AA7-46B4-811B-85DC1B1A3901}.Debug|x86.ActiveCfg = Debug|Any CPU
		{605AA0D3-2AA7-46B4-811B-85DC1B1A3901}.Debug|x86.Build.0 = Debug|Any CPU
		{605AA0D3-2AA7-46B4-811B-85DC1B1A3901}.Release|Any CPU.ActiveCfg = Release|Any CPU
		{605AA0D3-2AA7-46B4-811B-85DC1B1A3901}.Release|Any CPU.Build.0 = Release|Any CPU
		{605AA0D3-2AA7-46B4-811B-85DC1B1A3901}.Release|x64.ActiveCfg = Release|Any CPU
		{605AA0D3-2AA7-46B4-811B-85DC1B1A3901}.Release|x64.Build.0 = Release|Any CPU
		{605AA0D3-2AA7-46B4-811B-85DC1B1A3901}.Release|x86.ActiveCfg = Release|Any CPU
		{605AA0D3-2AA7-46B4-811B-85DC1B1A3901}.Release|x86.Build.0 = Release|Any CPU
		{322813C4-0458-4F98-965D-568AD2C819CE}.Debug|Any CPU.ActiveCfg = Debug|Any CPU
		{322813C4-0458-4F98-965D-568AD2C819CE}.Debug|Any CPU.Build.0 = Debug|Any CPU
		{322813C4-0458-4F98-965D-568AD2C819CE}.Debug|x64.ActiveCfg = Debug|Any CPU
		{322813C4-0458-4F98-965D-568AD2C819CE}.Debug|x64.Build.0 = Debug|Any CPU
		{322813C4-0458-4F98-965D-568AD2C819CE}.Debug|x86.ActiveCfg = Debug|Any CPU
		{322813C4-0458-4F98-965D-568AD2C819CE}.Debug|x86.Build.0 = Debug|Any CPU
		{322813C4-0458-4F98-965D-568AD2C819CE}.Release|Any CPU.ActiveCfg = Release|Any CPU
		{322813C4-0458-4F98-965D-568AD2C819CE}.Release|Any CPU.Build.0 = Release|Any CPU
		{322813C4-0458-4F98-965D-568AD2C819CE}.Release|x64.ActiveCfg = Release|Any CPU
		{322813C4-0458-4F98-965D-568AD2C819CE}.Release|x64.Build.0 = Release|Any CPU
		{322813C4-0458-4F98-965D-568AD2C819CE}.Release|x86.ActiveCfg = Release|Any CPU
		{322813C4-0458-4F98-965D-568AD2C819CE}.Release|x86.Build.0 = Release|Any CPU
		{6E3C0128-931F-4438-AEDD-984E0E2B2C7B}.Debug|Any CPU.ActiveCfg = Debug|Any CPU
		{6E3C0128-931F-4438-AEDD-984E0E2B2C7B}.Debug|Any CPU.Build.0 = Debug|Any CPU
		{6E3C0128-931F-4438-AEDD-984E0E2B2C7B}.Debug|x64.ActiveCfg = Debug|Any CPU
		{6E3C0128-931F-4438-AEDD-984E0E2B2C7B}.Debug|x64.Build.0 = Debug|Any CPU
		{6E3C0128-931F-4438-AEDD-984E0E2B2C7B}.Debug|x86.ActiveCfg = Debug|Any CPU
		{6E3C0128-931F-4438-AEDD-984E0E2B2C7B}.Debug|x86.Build.0 = Debug|Any CPU
		{6E3C0128-931F-4438-AEDD-984E0E2B2C7B}.Release|Any CPU.ActiveCfg = Release|Any CPU
		{6E3C0128-931F-4438-AEDD-984E0E2B2C7B}.Release|Any CPU.Build.0 = Release|Any CPU
		{6E3C0128-931F-4438-AEDD-984E0E2B2C7B}.Release|x64.ActiveCfg = Release|Any CPU
		{6E3C0128-931F-4438-AEDD-984E0E2B2C7B}.Release|x64.Build.0 = Release|Any CPU
		{6E3C0128-931F-4438-AEDD-984E0E2B2C7B}.Release|x86.ActiveCfg = Release|Any CPU
		{6E3C0128-931F-4438-AEDD-984E0E2B2C7B}.Release|x86.Build.0 = Release|Any CPU
		{9840E751-5845-431C-943B-C75CAE596A45}.Debug|Any CPU.ActiveCfg = Debug|Any CPU
		{9840E751-5845-431C-943B-C75CAE596A45}.Debug|Any CPU.Build.0 = Debug|Any CPU
		{9840E751-5845-431C-943B-C75CAE596A45}.Debug|x64.ActiveCfg = Debug|Any CPU
		{9840E751-5845-431C-943B-C75CAE596A45}.Debug|x64.Build.0 = Debug|Any CPU
		{9840E751-5845-431C-943B-C75CAE596A45}.Debug|x86.ActiveCfg = Debug|Any CPU
		{9840E751-5845-431C-943B-C75CAE596A45}.Debug|x86.Build.0 = Debug|Any CPU
		{9840E751-5845-431C-943B-C75CAE596A45}.Release|Any CPU.ActiveCfg = Release|Any CPU
		{9840E751-5845-431C-943B-C75CAE596A45}.Release|Any CPU.Build.0 = Release|Any CPU
		{9840E751-5845-431C-943B-C75CAE596A45}.Release|x64.ActiveCfg = Release|Any CPU
		{9840E751-5845-431C-943B-C75CAE596A45}.Release|x64.Build.0 = Release|Any CPU
		{9840E751-5845-431C-943B-C75CAE596A45}.Release|x86.ActiveCfg = Release|Any CPU
		{9840E751-5845-431C-943B-C75CAE596A45}.Release|x86.Build.0 = Release|Any CPU
		{7F045714-B571-45A4-A75E-D3B8386D4E33}.Debug|Any CPU.ActiveCfg = Debug|Any CPU
		{7F045714-B571-45A4-A75E-D3B8386D4E33}.Debug|Any CPU.Build.0 = Debug|Any CPU
		{7F045714-B571-45A4-A75E-D3B8386D4E33}.Debug|x64.ActiveCfg = Debug|Any CPU
		{7F045714-B571-45A4-A75E-D3B8386D4E33}.Debug|x64.Build.0 = Debug|Any CPU
		{7F045714-B571-45A4-A75E-D3B8386D4E33}.Debug|x86.ActiveCfg = Debug|Any CPU
		{7F045714-B571-45A4-A75E-D3B8386D4E33}.Debug|x86.Build.0 = Debug|Any CPU
		{7F045714-B571-45A4-A75E-D3B8386D4E33}.Release|Any CPU.ActiveCfg = Release|Any CPU
		{7F045714-B571-45A4-A75E-D3B8386D4E33}.Release|Any CPU.Build.0 = Release|Any CPU
		{7F045714-B571-45A4-A75E-D3B8386D4E33}.Release|x64.ActiveCfg = Release|Any CPU
		{7F045714-B571-45A4-A75E-D3B8386D4E33}.Release|x64.Build.0 = Release|Any CPU
		{7F045714-B571-45A4-A75E-D3B8386D4E33}.Release|x86.ActiveCfg = Release|Any CPU
		{7F045714-B571-45A4-A75E-D3B8386D4E33}.Release|x86.Build.0 = Release|Any CPU
	EndGlobalSection
	GlobalSection(SolutionProperties) = preSolution
		HideSolutionNode = FALSE
	EndGlobalSection
	GlobalSection(NestedProjects) = preSolution
		{245144DE-BC89-4822-B044-020458BFECC0} = {1669F896-133C-4996-B58C-E7CDA299ADFF}
		{60EF9E95-84D6-44CE-968D-50237424CB16} = {15A55F4A-FC33-4D96-BAAD-FBDCDD96D5F5}
		{4AC6DB4A-CBA2-493D-88F8-82D631B9DA7B} = {15A55F4A-FC33-4D96-BAAD-FBDCDD96D5F5}
		{6E1DF729-097E-4BAA-86E4-61BD8A6C5209} = {1669F896-133C-4996-B58C-E7CDA299ADFF}
		{FAE3AE3A-E5B2-44B1-B402-FD96899C444B} = {1669F896-133C-4996-B58C-E7CDA299ADFF}
		{7D077710-1B4A-4DEC-96E9-CE6192D4493D} = {15A55F4A-FC33-4D96-BAAD-FBDCDD96D5F5}
		{B5E94C7D-B76E-4181-87E5-ACD8971A987E} = {15A55F4A-FC33-4D96-BAAD-FBDCDD96D5F5}
		{F3575FC3-7134-4B72-B1E3-8D4CDEEF2C92} = {245144DE-BC89-4822-B044-020458BFECC0}
		{5E8D6CF1-5388-4CA2-B2F8-EBCCD7233C32} = {245144DE-BC89-4822-B044-020458BFECC0}
		{3164424E-D74A-45CD-BE17-BE33ED79C090} = {15A55F4A-FC33-4D96-BAAD-FBDCDD96D5F5}
		{8E30579D-086D-460E-BD1A-EB0FF928212F} = {1669F896-133C-4996-B58C-E7CDA299ADFF}
		{3A64AC4B-E68A-4FAF-AA47-2C41DF090DEF} = {15A55F4A-FC33-4D96-BAAD-FBDCDD96D5F5}
		{47CB5DDC-D02E-4F39-B4B2-4716F094C597} = {1669F896-133C-4996-B58C-E7CDA299ADFF}
		{A0162363-B43F-4243-8A20-8064B161C190} = {245144DE-BC89-4822-B044-020458BFECC0}
		{221F533C-BCB5-4742-ACE3-25561D545EA4} = {245144DE-BC89-4822-B044-020458BFECC0}
		{B69B8131-7F3B-4872-8C6E-B18EA82A138B} = {245144DE-BC89-4822-B044-020458BFECC0}
		{6A520C89-4048-43AD-B3B4-B3ED75C9297B} = {245144DE-BC89-4822-B044-020458BFECC0}
		{E77079C1-51C1-47F1-A841-B4BF040EFFA0} = {15A55F4A-FC33-4D96-BAAD-FBDCDD96D5F5}
		{756A46AA-E577-4500-9FBA-D3D406811DB5} = {15A55F4A-FC33-4D96-BAAD-FBDCDD96D5F5}
		{79A1A89C-11D0-4976-BFFB-78B0A2998666} = {1669F896-133C-4996-B58C-E7CDA299ADFF}
		{AE656FEE-CC8F-4BD0-A0C2-5A6B4AD11BAB} = {245144DE-BC89-4822-B044-020458BFECC0}
		{1FA9BCB4-49CE-40EA-A990-2D7FBB4275D8} = {245144DE-BC89-4822-B044-020458BFECC0}
		{00BF595E-2843-493C-95B2-2DA5A6E36627} = {245144DE-BC89-4822-B044-020458BFECC0}
		{3EE4B26C-FE8C-4DFB-8BCC-92A37A2A50D4} = {245144DE-BC89-4822-B044-020458BFECC0}
		{13A88FDF-5628-4B21-95E2-3DAEF396BAA0} = {245144DE-BC89-4822-B044-020458BFECC0}
		{BB570B42-0F2F-4B59-BEAE-5F1B43856ACA} = {245144DE-BC89-4822-B044-020458BFECC0}
		{0783E72E-3483-43AF-AE4B-2A6CFAFD3DD3} = {15A55F4A-FC33-4D96-BAAD-FBDCDD96D5F5}
		{605AA0D3-2AA7-46B4-811B-85DC1B1A3901} = {1669F896-133C-4996-B58C-E7CDA299ADFF}
		{322813C4-0458-4F98-965D-568AD2C819CE} = {245144DE-BC89-4822-B044-020458BFECC0}
		{6E3C0128-931F-4438-AEDD-984E0E2B2C7B} = {1669F896-133C-4996-B58C-E7CDA299ADFF}
		{9840E751-5845-431C-943B-C75CAE596A45} = {245144DE-BC89-4822-B044-020458BFECC0}
		{7F045714-B571-45A4-A75E-D3B8386D4E33} = {15A55F4A-FC33-4D96-BAAD-FBDCDD96D5F5}
	EndGlobalSection
	GlobalSection(ExtensibilityGlobals) = postSolution
		SolutionGuid = {36FC6A67-247D-4149-8EDD-79FFD1A75F51}
	EndGlobalSection
EndGlobal
