Microsoft Visual Studio Solution File, Format Version 12.00
# Visual Studio 15
VisualStudioVersion = 15.0.27004.2002
MinimumVisualStudioVersion = 10.0.40219.1
Project("{2150E333-8FDC-42A3-9474-1A3956D46DE8}") = "src", "src", "{15A55F4A-FC33-4D96-BAAD-FBDCDD96D5F5}"
EndProject
Project("{2150E333-8FDC-42A3-9474-1A3956D46DE8}") = "Solution Items", "Solution Items", "{FA1B4021-0A97-4F68-B966-148191F6AAA8}"
	ProjectSection(SolutionItems) = preProject
		appveyor.yml = appveyor.yml
		build-definition.ps1 = build-definition.ps1
		build.ps1 = build.ps1
		CONTRIBUTING.md = CONTRIBUTING.md
		ISSUE_TEMPLATE.md = ISSUE_TEMPLATE.md
		NuGet.config = NuGet.config
		README.md = README.md
	EndProjectSection
	ProjectSection(FolderGlobals) = preProject
		global_1json__JSONSchema = http://json.schemastore.org/global
	EndProjectSection
EndProject
Project("{2150E333-8FDC-42A3-9474-1A3956D46DE8}") = "test", "test", "{1669F896-133C-4996-B58C-E7CDA299ADFF}"
EndProject
Project("{2150E333-8FDC-42A3-9474-1A3956D46DE8}") = "WebSites", "WebSites", "{245144DE-BC89-4822-B044-020458BFECC0}"
EndProject
Project("{2150E333-8FDC-42A3-9474-1A3956D46DE8}") = "psake", "psake", "{9EE36544-121A-4D8C-95C5-0C872C21D978}"
	ProjectSection(SolutionItems) = preProject
		tools\psake\psake.cmd = tools\psake\psake.cmd
		tools\psake\psake.ps1 = tools\psake\psake.ps1
		tools\psake\psake.psd1 = tools\psake\psake.psd1
		tools\psake\psake.psm1 = tools\psake\psake.psm1
	EndProjectSection
EndProject
Project("{9A19103F-16F7-4668-BE54-9A1E7A4F7556}") = "Swashbuckle.AspNetCore.Swagger", "src\Swashbuckle.AspNetCore.Swagger\Swashbuckle.AspNetCore.Swagger.csproj", "{60EF9E95-84D6-44CE-968D-50237424CB16}"
EndProject
Project("{9A19103F-16F7-4668-BE54-9A1E7A4F7556}") = "Swashbuckle.AspNetCore.SwaggerGen", "src\Swashbuckle.AspNetCore.SwaggerGen\Swashbuckle.AspNetCore.SwaggerGen.csproj", "{4AC6DB4A-CBA2-493D-88F8-82D631B9DA7B}"
EndProject
Project("{9A19103F-16F7-4668-BE54-9A1E7A4F7556}") = "Swashbuckle.AspNetCore.SwaggerGen.Test", "test\Swashbuckle.AspNetCore.SwaggerGen.Test\Swashbuckle.AspNetCore.SwaggerGen.Test.csproj", "{6E1DF729-097E-4BAA-86E4-61BD8A6C5209}"
EndProject
Project("{9A19103F-16F7-4668-BE54-9A1E7A4F7556}") = "Swashbuckle.AspNetCore.SwaggerUI", "src\Swashbuckle.AspNetCore.SwaggerUI\Swashbuckle.AspNetCore.SwaggerUI.csproj", "{1C14CC40-1D89-4DA9-A1D8-237FD8922371}"
EndProject
Project("{9A19103F-16F7-4668-BE54-9A1E7A4F7556}") = "Swashbuckle.AspNetCore.IntegrationTests", "test\Swashbuckle.AspNetCore.IntegrationTests\Swashbuckle.AspNetCore.IntegrationTests.csproj", "{FAE3AE3A-E5B2-44B1-B402-FD96899C444B}"
EndProject
Project("{9A19103F-16F7-4668-BE54-9A1E7A4F7556}") = "Basic", "test\WebSites\Basic\Basic.csproj", "{B4C24875-7238-4408-AABF-1BB18E001312}"
EndProject
Project("{9A19103F-16F7-4668-BE54-9A1E7A4F7556}") = "CustomIndexHtml", "test\WebSites\CustomIndexHtml\CustomIndexHtml.csproj", "{55DCE4FA-9D46-43CD-B19C-17215EEE68E4}"
EndProject
Project("{9A19103F-16F7-4668-BE54-9A1E7A4F7556}") = "CustomUIConfig", "test\WebSites\CustomUIConfig\CustomUIConfig.csproj", "{D513E8EE-06EE-4CE2-B375-28B73AF13E86}"
EndProject
Project("{9A19103F-16F7-4668-BE54-9A1E7A4F7556}") = "GenericControllers", "test\WebSites\GenericControllers\GenericControllers.csproj", "{12C3C4EA-2F91-4E2E-9411-5D341045C7D4}"
EndProject
Project("{9A19103F-16F7-4668-BE54-9A1E7A4F7556}") = "MultipleVersions", "test\WebSites\MultipleVersions\MultipleVersions.csproj", "{B23C0C45-5B6F-4428-851B-766408517B13}"
EndProject
Project("{9A19103F-16F7-4668-BE54-9A1E7A4F7556}") = "OAuth2Integration", "test\WebSites\OAuth2Integration\OAuth2Integration.csproj", "{C9528DA0-28A7-49DC-8DD1-EC4304341C72}"
EndProject
Project("{9A19103F-16F7-4668-BE54-9A1E7A4F7556}") = "Swashbuckle.AspNetCore", "src\Swashbuckle.AspNetCore\Swashbuckle.AspNetCore.csproj", "{7D077710-1B4A-4DEC-96E9-CE6192D4493D}"
EndProject
Global
	GlobalSection(SolutionConfigurationPlatforms) = preSolution
		Debug|Any CPU = Debug|Any CPU
		Debug|x64 = Debug|x64
		Debug|x86 = Debug|x86
		Release|Any CPU = Release|Any CPU
		Release|x64 = Release|x64
		Release|x86 = Release|x86
	EndGlobalSection
	GlobalSection(ProjectConfigurationPlatforms) = postSolution
		{60EF9E95-84D6-44CE-968D-50237424CB16}.Debug|Any CPU.ActiveCfg = Debug|Any CPU
		{60EF9E95-84D6-44CE-968D-50237424CB16}.Debug|Any CPU.Build.0 = Debug|Any CPU
		{60EF9E95-84D6-44CE-968D-50237424CB16}.Debug|x64.ActiveCfg = Debug|Any CPU
		{60EF9E95-84D6-44CE-968D-50237424CB16}.Debug|x64.Build.0 = Debug|Any CPU
		{60EF9E95-84D6-44CE-968D-50237424CB16}.Debug|x86.ActiveCfg = Debug|Any CPU
		{60EF9E95-84D6-44CE-968D-50237424CB16}.Debug|x86.Build.0 = Debug|Any CPU
		{60EF9E95-84D6-44CE-968D-50237424CB16}.Release|Any CPU.ActiveCfg = Release|Any CPU
		{60EF9E95-84D6-44CE-968D-50237424CB16}.Release|Any CPU.Build.0 = Release|Any CPU
		{60EF9E95-84D6-44CE-968D-50237424CB16}.Release|x64.ActiveCfg = Release|Any CPU
		{60EF9E95-84D6-44CE-968D-50237424CB16}.Release|x64.Build.0 = Release|Any CPU
		{60EF9E95-84D6-44CE-968D-50237424CB16}.Release|x86.ActiveCfg = Release|Any CPU
		{60EF9E95-84D6-44CE-968D-50237424CB16}.Release|x86.Build.0 = Release|Any CPU
		{4AC6DB4A-CBA2-493D-88F8-82D631B9DA7B}.Debug|Any CPU.ActiveCfg = Debug|Any CPU
		{4AC6DB4A-CBA2-493D-88F8-82D631B9DA7B}.Debug|Any CPU.Build.0 = Debug|Any CPU
		{4AC6DB4A-CBA2-493D-88F8-82D631B9DA7B}.Debug|x64.ActiveCfg = Debug|Any CPU
		{4AC6DB4A-CBA2-493D-88F8-82D631B9DA7B}.Debug|x64.Build.0 = Debug|Any CPU
		{4AC6DB4A-CBA2-493D-88F8-82D631B9DA7B}.Debug|x86.ActiveCfg = Debug|Any CPU
		{4AC6DB4A-CBA2-493D-88F8-82D631B9DA7B}.Debug|x86.Build.0 = Debug|Any CPU
		{4AC6DB4A-CBA2-493D-88F8-82D631B9DA7B}.Release|Any CPU.ActiveCfg = Release|Any CPU
		{4AC6DB4A-CBA2-493D-88F8-82D631B9DA7B}.Release|Any CPU.Build.0 = Release|Any CPU
		{4AC6DB4A-CBA2-493D-88F8-82D631B9DA7B}.Release|x64.ActiveCfg = Release|Any CPU
		{4AC6DB4A-CBA2-493D-88F8-82D631B9DA7B}.Release|x64.Build.0 = Release|Any CPU
		{4AC6DB4A-CBA2-493D-88F8-82D631B9DA7B}.Release|x86.ActiveCfg = Release|Any CPU
		{4AC6DB4A-CBA2-493D-88F8-82D631B9DA7B}.Release|x86.Build.0 = Release|Any CPU
		{6E1DF729-097E-4BAA-86E4-61BD8A6C5209}.Debug|Any CPU.ActiveCfg = Debug|Any CPU
		{6E1DF729-097E-4BAA-86E4-61BD8A6C5209}.Debug|Any CPU.Build.0 = Debug|Any CPU
		{6E1DF729-097E-4BAA-86E4-61BD8A6C5209}.Debug|x64.ActiveCfg = Debug|Any CPU
		{6E1DF729-097E-4BAA-86E4-61BD8A6C5209}.Debug|x64.Build.0 = Debug|Any CPU
		{6E1DF729-097E-4BAA-86E4-61BD8A6C5209}.Debug|x86.ActiveCfg = Debug|Any CPU
		{6E1DF729-097E-4BAA-86E4-61BD8A6C5209}.Debug|x86.Build.0 = Debug|Any CPU
		{6E1DF729-097E-4BAA-86E4-61BD8A6C5209}.Release|Any CPU.ActiveCfg = Release|Any CPU
		{6E1DF729-097E-4BAA-86E4-61BD8A6C5209}.Release|Any CPU.Build.0 = Release|Any CPU
		{6E1DF729-097E-4BAA-86E4-61BD8A6C5209}.Release|x64.ActiveCfg = Release|Any CPU
		{6E1DF729-097E-4BAA-86E4-61BD8A6C5209}.Release|x64.Build.0 = Release|Any CPU
		{6E1DF729-097E-4BAA-86E4-61BD8A6C5209}.Release|x86.ActiveCfg = Release|Any CPU
		{6E1DF729-097E-4BAA-86E4-61BD8A6C5209}.Release|x86.Build.0 = Release|Any CPU
		{1C14CC40-1D89-4DA9-A1D8-237FD8922371}.Debug|Any CPU.ActiveCfg = Debug|Any CPU
		{1C14CC40-1D89-4DA9-A1D8-237FD8922371}.Debug|Any CPU.Build.0 = Debug|Any CPU
		{1C14CC40-1D89-4DA9-A1D8-237FD8922371}.Debug|x64.ActiveCfg = Debug|Any CPU
		{1C14CC40-1D89-4DA9-A1D8-237FD8922371}.Debug|x64.Build.0 = Debug|Any CPU
		{1C14CC40-1D89-4DA9-A1D8-237FD8922371}.Debug|x86.ActiveCfg = Debug|Any CPU
		{1C14CC40-1D89-4DA9-A1D8-237FD8922371}.Debug|x86.Build.0 = Debug|Any CPU
		{1C14CC40-1D89-4DA9-A1D8-237FD8922371}.Release|Any CPU.ActiveCfg = Release|Any CPU
		{1C14CC40-1D89-4DA9-A1D8-237FD8922371}.Release|Any CPU.Build.0 = Release|Any CPU
		{1C14CC40-1D89-4DA9-A1D8-237FD8922371}.Release|x64.ActiveCfg = Release|Any CPU
		{1C14CC40-1D89-4DA9-A1D8-237FD8922371}.Release|x64.Build.0 = Release|Any CPU
		{1C14CC40-1D89-4DA9-A1D8-237FD8922371}.Release|x86.ActiveCfg = Release|Any CPU
		{1C14CC40-1D89-4DA9-A1D8-237FD8922371}.Release|x86.Build.0 = Release|Any CPU
		{FAE3AE3A-E5B2-44B1-B402-FD96899C444B}.Debug|Any CPU.ActiveCfg = Debug|Any CPU
		{FAE3AE3A-E5B2-44B1-B402-FD96899C444B}.Debug|Any CPU.Build.0 = Debug|Any CPU
		{FAE3AE3A-E5B2-44B1-B402-FD96899C444B}.Debug|x64.ActiveCfg = Debug|Any CPU
		{FAE3AE3A-E5B2-44B1-B402-FD96899C444B}.Debug|x64.Build.0 = Debug|Any CPU
		{FAE3AE3A-E5B2-44B1-B402-FD96899C444B}.Debug|x86.ActiveCfg = Debug|Any CPU
		{FAE3AE3A-E5B2-44B1-B402-FD96899C444B}.Debug|x86.Build.0 = Debug|Any CPU
		{FAE3AE3A-E5B2-44B1-B402-FD96899C444B}.Release|Any CPU.ActiveCfg = Release|Any CPU
		{FAE3AE3A-E5B2-44B1-B402-FD96899C444B}.Release|Any CPU.Build.0 = Release|Any CPU
		{FAE3AE3A-E5B2-44B1-B402-FD96899C444B}.Release|x64.ActiveCfg = Release|Any CPU
		{FAE3AE3A-E5B2-44B1-B402-FD96899C444B}.Release|x64.Build.0 = Release|Any CPU
		{FAE3AE3A-E5B2-44B1-B402-FD96899C444B}.Release|x86.ActiveCfg = Release|Any CPU
		{FAE3AE3A-E5B2-44B1-B402-FD96899C444B}.Release|x86.Build.0 = Release|Any CPU
		{B4C24875-7238-4408-AABF-1BB18E001312}.Debug|Any CPU.ActiveCfg = Debug|Any CPU
		{B4C24875-7238-4408-AABF-1BB18E001312}.Debug|Any CPU.Build.0 = Debug|Any CPU
		{B4C24875-7238-4408-AABF-1BB18E001312}.Debug|x64.ActiveCfg = Debug|Any CPU
		{B4C24875-7238-4408-AABF-1BB18E001312}.Debug|x64.Build.0 = Debug|Any CPU
		{B4C24875-7238-4408-AABF-1BB18E001312}.Debug|x86.ActiveCfg = Debug|Any CPU
		{B4C24875-7238-4408-AABF-1BB18E001312}.Debug|x86.Build.0 = Debug|Any CPU
		{B4C24875-7238-4408-AABF-1BB18E001312}.Release|Any CPU.ActiveCfg = Release|Any CPU
		{B4C24875-7238-4408-AABF-1BB18E001312}.Release|Any CPU.Build.0 = Release|Any CPU
		{B4C24875-7238-4408-AABF-1BB18E001312}.Release|x64.ActiveCfg = Release|Any CPU
		{B4C24875-7238-4408-AABF-1BB18E001312}.Release|x64.Build.0 = Release|Any CPU
		{B4C24875-7238-4408-AABF-1BB18E001312}.Release|x86.ActiveCfg = Release|Any CPU
		{B4C24875-7238-4408-AABF-1BB18E001312}.Release|x86.Build.0 = Release|Any CPU
		{55DCE4FA-9D46-43CD-B19C-17215EEE68E4}.Debug|Any CPU.ActiveCfg = Debug|Any CPU
		{55DCE4FA-9D46-43CD-B19C-17215EEE68E4}.Debug|Any CPU.Build.0 = Debug|Any CPU
		{55DCE4FA-9D46-43CD-B19C-17215EEE68E4}.Debug|x64.ActiveCfg = Debug|Any CPU
		{55DCE4FA-9D46-43CD-B19C-17215EEE68E4}.Debug|x64.Build.0 = Debug|Any CPU
		{55DCE4FA-9D46-43CD-B19C-17215EEE68E4}.Debug|x86.ActiveCfg = Debug|Any CPU
		{55DCE4FA-9D46-43CD-B19C-17215EEE68E4}.Debug|x86.Build.0 = Debug|Any CPU
		{55DCE4FA-9D46-43CD-B19C-17215EEE68E4}.Release|Any CPU.ActiveCfg = Release|Any CPU
		{55DCE4FA-9D46-43CD-B19C-17215EEE68E4}.Release|Any CPU.Build.0 = Release|Any CPU
		{55DCE4FA-9D46-43CD-B19C-17215EEE68E4}.Release|x64.ActiveCfg = Release|Any CPU
		{55DCE4FA-9D46-43CD-B19C-17215EEE68E4}.Release|x64.Build.0 = Release|Any CPU
		{55DCE4FA-9D46-43CD-B19C-17215EEE68E4}.Release|x86.ActiveCfg = Release|Any CPU
		{55DCE4FA-9D46-43CD-B19C-17215EEE68E4}.Release|x86.Build.0 = Release|Any CPU
		{D513E8EE-06EE-4CE2-B375-28B73AF13E86}.Debug|Any CPU.ActiveCfg = Debug|Any CPU
		{D513E8EE-06EE-4CE2-B375-28B73AF13E86}.Debug|Any CPU.Build.0 = Debug|Any CPU
		{D513E8EE-06EE-4CE2-B375-28B73AF13E86}.Debug|x64.ActiveCfg = Debug|Any CPU
		{D513E8EE-06EE-4CE2-B375-28B73AF13E86}.Debug|x64.Build.0 = Debug|Any CPU
		{D513E8EE-06EE-4CE2-B375-28B73AF13E86}.Debug|x86.ActiveCfg = Debug|Any CPU
		{D513E8EE-06EE-4CE2-B375-28B73AF13E86}.Debug|x86.Build.0 = Debug|Any CPU
		{D513E8EE-06EE-4CE2-B375-28B73AF13E86}.Release|Any CPU.ActiveCfg = Release|Any CPU
		{D513E8EE-06EE-4CE2-B375-28B73AF13E86}.Release|Any CPU.Build.0 = Release|Any CPU
		{D513E8EE-06EE-4CE2-B375-28B73AF13E86}.Release|x64.ActiveCfg = Release|Any CPU
		{D513E8EE-06EE-4CE2-B375-28B73AF13E86}.Release|x64.Build.0 = Release|Any CPU
		{D513E8EE-06EE-4CE2-B375-28B73AF13E86}.Release|x86.ActiveCfg = Release|Any CPU
		{D513E8EE-06EE-4CE2-B375-28B73AF13E86}.Release|x86.Build.0 = Release|Any CPU
		{12C3C4EA-2F91-4E2E-9411-5D341045C7D4}.Debug|Any CPU.ActiveCfg = Debug|Any CPU
		{12C3C4EA-2F91-4E2E-9411-5D341045C7D4}.Debug|Any CPU.Build.0 = Debug|Any CPU
		{12C3C4EA-2F91-4E2E-9411-5D341045C7D4}.Debug|x64.ActiveCfg = Debug|Any CPU
		{12C3C4EA-2F91-4E2E-9411-5D341045C7D4}.Debug|x64.Build.0 = Debug|Any CPU
		{12C3C4EA-2F91-4E2E-9411-5D341045C7D4}.Debug|x86.ActiveCfg = Debug|Any CPU
		{12C3C4EA-2F91-4E2E-9411-5D341045C7D4}.Debug|x86.Build.0 = Debug|Any CPU
		{12C3C4EA-2F91-4E2E-9411-5D341045C7D4}.Release|Any CPU.ActiveCfg = Release|Any CPU
		{12C3C4EA-2F91-4E2E-9411-5D341045C7D4}.Release|Any CPU.Build.0 = Release|Any CPU
		{12C3C4EA-2F91-4E2E-9411-5D341045C7D4}.Release|x64.ActiveCfg = Release|Any CPU
		{12C3C4EA-2F91-4E2E-9411-5D341045C7D4}.Release|x64.Build.0 = Release|Any CPU
		{12C3C4EA-2F91-4E2E-9411-5D341045C7D4}.Release|x86.ActiveCfg = Release|Any CPU
		{12C3C4EA-2F91-4E2E-9411-5D341045C7D4}.Release|x86.Build.0 = Release|Any CPU
		{B23C0C45-5B6F-4428-851B-766408517B13}.Debug|Any CPU.ActiveCfg = Debug|Any CPU
		{B23C0C45-5B6F-4428-851B-766408517B13}.Debug|Any CPU.Build.0 = Debug|Any CPU
		{B23C0C45-5B6F-4428-851B-766408517B13}.Debug|x64.ActiveCfg = Debug|Any CPU
		{B23C0C45-5B6F-4428-851B-766408517B13}.Debug|x64.Build.0 = Debug|Any CPU
		{B23C0C45-5B6F-4428-851B-766408517B13}.Debug|x86.ActiveCfg = Debug|Any CPU
		{B23C0C45-5B6F-4428-851B-766408517B13}.Debug|x86.Build.0 = Debug|Any CPU
		{B23C0C45-5B6F-4428-851B-766408517B13}.Release|Any CPU.ActiveCfg = Release|Any CPU
		{B23C0C45-5B6F-4428-851B-766408517B13}.Release|Any CPU.Build.0 = Release|Any CPU
		{B23C0C45-5B6F-4428-851B-766408517B13}.Release|x64.ActiveCfg = Release|Any CPU
		{B23C0C45-5B6F-4428-851B-766408517B13}.Release|x64.Build.0 = Release|Any CPU
		{B23C0C45-5B6F-4428-851B-766408517B13}.Release|x86.ActiveCfg = Release|Any CPU
		{B23C0C45-5B6F-4428-851B-766408517B13}.Release|x86.Build.0 = Release|Any CPU
		{C9528DA0-28A7-49DC-8DD1-EC4304341C72}.Debug|Any CPU.ActiveCfg = Debug|Any CPU
		{C9528DA0-28A7-49DC-8DD1-EC4304341C72}.Debug|Any CPU.Build.0 = Debug|Any CPU
		{C9528DA0-28A7-49DC-8DD1-EC4304341C72}.Debug|x64.ActiveCfg = Debug|Any CPU
		{C9528DA0-28A7-49DC-8DD1-EC4304341C72}.Debug|x64.Build.0 = Debug|Any CPU
		{C9528DA0-28A7-49DC-8DD1-EC4304341C72}.Debug|x86.ActiveCfg = Debug|Any CPU
		{C9528DA0-28A7-49DC-8DD1-EC4304341C72}.Debug|x86.Build.0 = Debug|Any CPU
		{C9528DA0-28A7-49DC-8DD1-EC4304341C72}.Release|Any CPU.ActiveCfg = Release|Any CPU
		{C9528DA0-28A7-49DC-8DD1-EC4304341C72}.Release|Any CPU.Build.0 = Release|Any CPU
		{C9528DA0-28A7-49DC-8DD1-EC4304341C72}.Release|x64.ActiveCfg = Release|Any CPU
		{C9528DA0-28A7-49DC-8DD1-EC4304341C72}.Release|x64.Build.0 = Release|Any CPU
		{C9528DA0-28A7-49DC-8DD1-EC4304341C72}.Release|x86.ActiveCfg = Release|Any CPU
		{C9528DA0-28A7-49DC-8DD1-EC4304341C72}.Release|x86.Build.0 = Release|Any CPU
		{7D077710-1B4A-4DEC-96E9-CE6192D4493D}.Debug|Any CPU.ActiveCfg = Debug|Any CPU
		{7D077710-1B4A-4DEC-96E9-CE6192D4493D}.Debug|Any CPU.Build.0 = Debug|Any CPU
		{7D077710-1B4A-4DEC-96E9-CE6192D4493D}.Debug|x64.ActiveCfg = Debug|Any CPU
		{7D077710-1B4A-4DEC-96E9-CE6192D4493D}.Debug|x64.Build.0 = Debug|Any CPU
		{7D077710-1B4A-4DEC-96E9-CE6192D4493D}.Debug|x86.ActiveCfg = Debug|Any CPU
		{7D077710-1B4A-4DEC-96E9-CE6192D4493D}.Debug|x86.Build.0 = Debug|Any CPU
		{7D077710-1B4A-4DEC-96E9-CE6192D4493D}.Release|Any CPU.ActiveCfg = Release|Any CPU
		{7D077710-1B4A-4DEC-96E9-CE6192D4493D}.Release|Any CPU.Build.0 = Release|Any CPU
		{7D077710-1B4A-4DEC-96E9-CE6192D4493D}.Release|x64.ActiveCfg = Release|Any CPU
		{7D077710-1B4A-4DEC-96E9-CE6192D4493D}.Release|x64.Build.0 = Release|Any CPU
		{7D077710-1B4A-4DEC-96E9-CE6192D4493D}.Release|x86.ActiveCfg = Release|Any CPU
		{7D077710-1B4A-4DEC-96E9-CE6192D4493D}.Release|x86.Build.0 = Release|Any CPU
	EndGlobalSection
	GlobalSection(SolutionProperties) = preSolution
		HideSolutionNode = FALSE
	EndGlobalSection
	GlobalSection(NestedProjects) = preSolution
		{245144DE-BC89-4822-B044-020458BFECC0} = {1669F896-133C-4996-B58C-E7CDA299ADFF}
		{60EF9E95-84D6-44CE-968D-50237424CB16} = {15A55F4A-FC33-4D96-BAAD-FBDCDD96D5F5}
		{4AC6DB4A-CBA2-493D-88F8-82D631B9DA7B} = {15A55F4A-FC33-4D96-BAAD-FBDCDD96D5F5}
		{6E1DF729-097E-4BAA-86E4-61BD8A6C5209} = {1669F896-133C-4996-B58C-E7CDA299ADFF}
		{1C14CC40-1D89-4DA9-A1D8-237FD8922371} = {15A55F4A-FC33-4D96-BAAD-FBDCDD96D5F5}
		{FAE3AE3A-E5B2-44B1-B402-FD96899C444B} = {1669F896-133C-4996-B58C-E7CDA299ADFF}
		{B4C24875-7238-4408-AABF-1BB18E001312} = {245144DE-BC89-4822-B044-020458BFECC0}
		{55DCE4FA-9D46-43CD-B19C-17215EEE68E4} = {245144DE-BC89-4822-B044-020458BFECC0}
		{D513E8EE-06EE-4CE2-B375-28B73AF13E86} = {245144DE-BC89-4822-B044-020458BFECC0}
		{12C3C4EA-2F91-4E2E-9411-5D341045C7D4} = {245144DE-BC89-4822-B044-020458BFECC0}
		{B23C0C45-5B6F-4428-851B-766408517B13} = {245144DE-BC89-4822-B044-020458BFECC0}
		{C9528DA0-28A7-49DC-8DD1-EC4304341C72} = {245144DE-BC89-4822-B044-020458BFECC0}
		{7D077710-1B4A-4DEC-96E9-CE6192D4493D} = {15A55F4A-FC33-4D96-BAAD-FBDCDD96D5F5}
	EndGlobalSection
	GlobalSection(ExtensibilityGlobals) = postSolution
		SolutionGuid = {36FC6A67-247D-4149-8EDD-79FFD1A75F51}
	EndGlobalSection
EndGlobal
