{
  "name": "swashbuckle",
  "version": "1.0.0",
  "lockfileVersion": 1,
  "requires": true,
  "dependencies": {
    "@babel/runtime": {
      "version": "7.3.4",
      "resolved": "https://registry.npmjs.org/@babel/runtime/-/runtime-7.3.4.tgz",
      "integrity": "sha512-IvfvnMdSaLBateu0jfsYIpZTxAc2cKEXEMiezGGN75QcBcecDUKd3PgLAncT0oOgxKy8dd8hrJKj9MfzgfZd6g==",
      "requires": {
        "regenerator-runtime": "^0.12.0"
      }
    },
    "argparse": {
      "version": "1.0.10",
      "resolved": "https://registry.npmjs.org/argparse/-/argparse-1.0.10.tgz",
      "integrity": "sha512-o5Roy6tNG4SL/FOkCAN6RzjiakZS25RLYFrcMttJqbdd8BWrnA+fGz57iN5Pb06pvBGvl5gQ0B48dJlslXvoTg==",
      "requires": {
        "sprintf-js": "~1.0.2"
      }
    },
    "big.js": {
      "version": "5.2.2",
      "resolved": "https://registry.npmjs.org/big.js/-/big.js-5.2.2.tgz",
      "integrity": "sha512-vyL2OymJxmarO8gxMr0mhChsO9QGwhynfuu4+MHTAW6czfq9humCB7rKpUjDd9YUiDPU4mzpyupFSvOClAwbmQ=="
    },
    "call-me-maybe": {
      "version": "1.0.1",
      "resolved": "https://registry.npmjs.org/call-me-maybe/-/call-me-maybe-1.0.1.tgz",
      "integrity": "sha1-JtII6onje1y95gJQoV8DHBak1ms="
    },
    "classnames": {
      "version": "2.2.6",
      "resolved": "https://registry.npmjs.org/classnames/-/classnames-2.2.6.tgz",
      "integrity": "sha512-JR/iSQOSt+LQIWwrwEzJ9uk0xfN3mTVYMwt1Ir5mUcSN6pU+V4zQFFaJsclJbPuAUQH+yfWef6tm7l1quW3C8Q=="
    },
    "clipboard": {
      "version": "2.0.4",
      "resolved": "https://registry.npmjs.org/clipboard/-/clipboard-2.0.4.tgz",
      "integrity": "sha512-Vw26VSLRpJfBofiVaFb/I8PVfdI1OxKcYShe6fm0sP/DtmiWQNCjhM/okTvdCo0G+lMMm1rMYbk4IK4x1X+kgQ==",
      "optional": true,
      "requires": {
        "good-listener": "^1.2.2",
        "select": "^1.1.2",
        "tiny-emitter": "^2.0.0"
      }
    },
    "decko": {
      "version": "1.2.0",
      "resolved": "https://registry.npmjs.org/decko/-/decko-1.2.0.tgz",
      "integrity": "sha1-/UPHNelnuAEzBohKVvvmZZlraBc="
    },
    "delegate": {
      "version": "3.2.0",
      "resolved": "https://registry.npmjs.org/delegate/-/delegate-3.2.0.tgz",
      "integrity": "sha512-IofjkYBZaZivn0V8nnsMJGBr4jVLxHDheKSW88PyxS5QC4Vo9ZbZVvhzlSxY87fVq3STR6r+4cGepyHkcWOQSw==",
      "optional": true
    },
    "dom-walk": {
      "version": "0.1.1",
      "resolved": "https://registry.npmjs.org/dom-walk/-/dom-walk-0.1.1.tgz",
      "integrity": "sha1-ZyIm3HTI95mtNTB9+TaroRrNYBg="
    },
    "dompurify": {
      "version": "1.0.10",
      "resolved": "https://registry.npmjs.org/dompurify/-/dompurify-1.0.10.tgz",
      "integrity": "sha512-huhl3DSWX5LaA7jDtnj3XQdJgWW1wYouNW7N0drGzQa4vEUSVWyeFN+Atx6HP4r5cang6oQytMom6I4yhGJj5g=="
    },
    "emojis-list": {
      "version": "2.1.0",
      "resolved": "https://registry.npmjs.org/emojis-list/-/emojis-list-2.1.0.tgz",
      "integrity": "sha1-TapNnbAPmBmIDHn6RXrlsJof04k="
    },
    "esprima": {
      "version": "4.0.1",
      "resolved": "https://registry.npmjs.org/esprima/-/esprima-4.0.1.tgz",
      "integrity": "sha512-eGuFFw7Upda+g4p+QHvnW0RyTX/SVeJBDM/gCtMARO0cLuT2HcEKnTPvhjV6aGeqrCB/sbNop0Kszm0jsaWU4A=="
    },
    "eventemitter3": {
      "version": "3.1.0",
      "resolved": "https://registry.npmjs.org/eventemitter3/-/eventemitter3-3.1.0.tgz",
      "integrity": "sha512-ivIvhpq/Y0uSjcHDcOIccjmYjGLcP09MFGE7ysAwkAvkXfpZlC985pH2/ui64DKazbTW/4kN3yqozUxlXzI6cA=="
    },
    "fast-levenshtein": {
      "version": "2.0.6",
      "resolved": "https://registry.npmjs.org/fast-levenshtein/-/fast-levenshtein-2.0.6.tgz",
      "integrity": "sha1-PYpcZog6FqMMqGQ+hR8Zuqd5eRc="
    },
    "foreach": {
      "version": "2.0.5",
      "resolved": "https://registry.npmjs.org/foreach/-/foreach-2.0.5.tgz",
      "integrity": "sha1-C+4AUBiusmDQo6865ljdATbsG5k="
    },
    "format-util": {
      "version": "1.0.3",
      "resolved": "https://registry.npmjs.org/format-util/-/format-util-1.0.3.tgz",
      "integrity": "sha1-Ay3KShFiYqEsQ/TD7IVmQWxbLZU="
    },
    "global": {
      "version": "4.3.2",
      "resolved": "https://registry.npmjs.org/global/-/global-4.3.2.tgz",
      "integrity": "sha1-52mJJopsdMOJCLEwWxD8DjlOnQ8=",
      "requires": {
        "min-document": "^2.19.0",
        "process": "~0.5.1"
      }
    },
    "good-listener": {
      "version": "1.2.2",
      "resolved": "https://registry.npmjs.org/good-listener/-/good-listener-1.2.2.tgz",
      "integrity": "sha1-1TswzfkxPf+33JoNR3CWqm0UXFA=",
      "optional": true,
      "requires": {
        "delegate": "^3.1.2"
      }
    },
    "hoist-non-react-statics": {
      "version": "3.3.0",
      "resolved": "https://registry.npmjs.org/hoist-non-react-statics/-/hoist-non-react-statics-3.3.0.tgz",
      "integrity": "sha512-0XsbTXxgiaCDYDIWFcwkmerZPSwywfUqYmwT4jzewKTQSWoE6FCMoUVOeBJWK3E/CrWbxRG3m5GzY4lnIwGRBA==",
      "requires": {
        "react-is": "^16.7.0"
      }
    },
    "js-tokens": {
      "version": "4.0.0",
      "resolved": "https://registry.npmjs.org/js-tokens/-/js-tokens-4.0.0.tgz",
      "integrity": "sha512-RdJUflcE3cUzKiMqQgsCu06FPu9UdIJO0beYbPhHN4k6apgJtifcoCtT9bcxOpYBtpD2kCM6Sbzg4CausW/PKQ=="
    },
    "js-yaml": {
      "version": "3.12.2",
      "resolved": "https://registry.npmjs.org/js-yaml/-/js-yaml-3.12.2.tgz",
      "integrity": "sha512-QHn/Lh/7HhZ/Twc7vJYQTkjuCa0kaCcDcjK5Zlk2rvnUpy7DxMJ23+Jc2dcyvltwQVg1nygAVlB2oRDFHoRS5Q==",
      "requires": {
        "argparse": "^1.0.7",
        "esprima": "^4.0.0"
      }
    },
    "json-pointer": {
      "version": "0.6.0",
      "resolved": "https://registry.npmjs.org/json-pointer/-/json-pointer-0.6.0.tgz",
      "integrity": "sha1-jlAFUKaqxUZKRzN32leqbMIoKNc=",
      "requires": {
        "foreach": "^2.0.4"
      }
    },
    "json-schema-ref-parser": {
      "version": "6.1.0",
      "resolved": "https://registry.npmjs.org/json-schema-ref-parser/-/json-schema-ref-parser-6.1.0.tgz",
      "integrity": "sha512-pXe9H1m6IgIpXmE5JSb8epilNTGsmTb2iPohAXpOdhqGFbQjNeHHsZxU+C8w6T81GZxSPFLeUoqDJmzxx5IGuw==",
      "requires": {
        "call-me-maybe": "^1.0.1",
        "js-yaml": "^3.12.1",
        "ono": "^4.0.11"
      }
    },
    "json5": {
      "version": "1.0.1",
      "resolved": "https://registry.npmjs.org/json5/-/json5-1.0.1.tgz",
      "integrity": "sha512-aKS4WQjPenRxiQsC93MNfjx+nbF4PAdYzmd/1JIj8HYzqfbu86beTuNgXDzPknWk0n0uARlyewZo4s++ES36Ow==",
      "requires": {
        "minimist": "^1.2.0"
      }
    },
    "loader-utils": {
      "version": "1.2.3",
      "resolved": "https://registry.npmjs.org/loader-utils/-/loader-utils-1.2.3.tgz",
      "integrity": "sha512-fkpz8ejdnEMG3s37wGL07iSBDg99O9D5yflE9RGNH3hRdx9SOwYfnGYdZOUIZitN8E+E2vkq3MUMYMvPYl5ZZA==",
      "requires": {
        "big.js": "^5.2.2",
        "emojis-list": "^2.0.0",
        "json5": "^1.0.1"
      }
    },
    "lodash.merge": {
      "version": "4.6.1",
      "resolved": "https://registry.npmjs.org/lodash.merge/-/lodash.merge-4.6.1.tgz",
      "integrity": "sha512-AOYza4+Hf5z1/0Hztxpm2/xiPZgi/cjMqdnKTUWTBSKchJlxXXuUSxCCl8rJlf4g6yww/j6mA8nC8Hw/EZWxKQ=="
    },
    "loose-envify": {
      "version": "1.4.0",
      "resolved": "https://registry.npmjs.org/loose-envify/-/loose-envify-1.4.0.tgz",
      "integrity": "sha512-lyuxPGr/Wfhrlem2CL/UcnUc1zcqKAImBDzukY7Y5F/yQiNdko6+fRLevlw1HgMySw7f611UIY408EtxRSoK3Q==",
      "requires": {
        "js-tokens": "^3.0.0 || ^4.0.0"
      }
    },
    "lunr": {
      "version": "2.3.5",
      "resolved": "https://registry.npmjs.org/lunr/-/lunr-2.3.5.tgz",
      "integrity": "sha512-EtnfmHsHJTr3u24sito9JctSxej5Ds0SgUD2Lm+qRHyLgM7BGesFlW14eNh1mil0fV5Muh8gf3dBBXzADlUlzQ=="
    },
    "mark.js": {
      "version": "8.11.1",
      "resolved": "https://registry.npmjs.org/mark.js/-/mark.js-8.11.1.tgz",
      "integrity": "sha1-GA8fnr74sOY45BZq1S24eb6y/8U="
    },
    "marked": {
      "version": "0.6.1",
      "resolved": "https://registry.npmjs.org/marked/-/marked-0.6.1.tgz",
      "integrity": "sha512-+H0L3ibcWhAZE02SKMqmvYsErLo4EAVJxu5h3bHBBDvvjeWXtl92rGUSBYHL2++5Y+RSNgl8dYOAXcYe7lp1fA=="
    },
    "memoize-one": {
      "version": "4.0.3",
      "resolved": "https://registry.npmjs.org/memoize-one/-/memoize-one-4.0.3.tgz",
      "integrity": "sha512-QmpUu4KqDmX0plH4u+tf0riMc1KHE1+lw95cMrLlXQAFOx/xnBtwhZ52XJxd9X2O6kwKBqX32kmhbhlobD0cuw=="
    },
    "min-document": {
      "version": "2.19.0",
      "resolved": "https://registry.npmjs.org/min-document/-/min-document-2.19.0.tgz",
      "integrity": "sha1-e9KC4/WELtKVu3SM3Z8f+iyCRoU=",
      "requires": {
        "dom-walk": "^0.1.0"
      }
    },
    "minimist": {
      "version": "1.2.0",
      "resolved": "https://registry.npmjs.org/minimist/-/minimist-1.2.0.tgz",
      "integrity": "sha1-o1AIsg9BOD7sH7kU9M1d95omQoQ="
    },
    "mobx-react": {
      "version": "5.4.3",
      "resolved": "https://registry.npmjs.org/mobx-react/-/mobx-react-5.4.3.tgz",
      "integrity": "sha512-WC8yFlwvJ91hy8j6CrydAuFteUafcuvdITFQeHl3LRIf5ayfT/4W3M/byhEYD2BcJWejeXr8y4Rh2H26RunCRQ==",
      "requires": {
        "hoist-non-react-statics": "^3.0.0",
        "react-lifecycles-compat": "^3.0.2"
      }
    },
    "object-assign": {
      "version": "4.1.1",
      "resolved": "https://registry.npmjs.org/object-assign/-/object-assign-4.1.1.tgz",
      "integrity": "sha1-IQmtx5ZYh8/AXLvUQsrIv7s2CGM="
    },
    "ono": {
      "version": "4.0.11",
      "resolved": "https://registry.npmjs.org/ono/-/ono-4.0.11.tgz",
      "integrity": "sha512-jQ31cORBFE6td25deYeD80wxKBMj+zBmHTrVxnc6CKhx8gho6ipmWM5zj/oeoqioZ99yqBls9Z/9Nss7J26G2g==",
      "requires": {
        "format-util": "^1.0.3"
      }
    },
    "openapi-sampler": {
      "version": "1.0.0-beta.14",
      "resolved": "https://registry.npmjs.org/openapi-sampler/-/openapi-sampler-1.0.0-beta.14.tgz",
      "integrity": "sha512-NNmH9YAN5AaCE4w6MQXdCrmsOJJQTswHVSp075+h+iiG+OTonpZE8HzwocozovD2imx4lamkuxGLs4E4bO4Z+g==",
      "requires": {
        "json-pointer": "^0.6.0"
      }
    },
    "perfect-scrollbar": {
      "version": "1.4.0",
      "resolved": "https://registry.npmjs.org/perfect-scrollbar/-/perfect-scrollbar-1.4.0.tgz",
      "integrity": "sha512-/2Sk/khljhdrsamjJYS5NjrH+GKEHEwh7zFSiYyxROyYKagkE4kSn2zDQDRTOMo8mpT2jikxx6yI1dG7lNP/hw=="
    },
    "polished": {
      "version": "2.3.3",
      "resolved": "https://registry.npmjs.org/polished/-/polished-2.3.3.tgz",
      "integrity": "sha512-59V4fDbdxtH4I1m9TWxFsoGJbC8nnOpUYo5uFmvMfKp9Qh+6suo4VMUle1TGIIUZIGxfkW+Rs485zPk0wcwR2Q==",
      "requires": {
        "@babel/runtime": "^7.2.0"
      }
    },
    "prismjs": {
      "version": "1.15.0",
      "resolved": "https://registry.npmjs.org/prismjs/-/prismjs-1.15.0.tgz",
      "integrity": "sha512-Lf2JrFYx8FanHrjoV5oL8YHCclLQgbJcVZR+gikGGMqz6ub5QVWDTM6YIwm3BuPxM/LOV+rKns3LssXNLIf+DA==",
      "requires": {
        "clipboard": "^2.0.0"
      }
    },
    "process": {
      "version": "0.5.2",
      "resolved": "https://registry.npmjs.org/process/-/process-0.5.2.tgz",
      "integrity": "sha1-FjjYqONML0QKkduVq5rrZ3/Bhc8="
    },
    "prop-types": {
      "version": "15.7.2",
      "resolved": "https://registry.npmjs.org/prop-types/-/prop-types-15.7.2.tgz",
      "integrity": "sha512-8QQikdH7//R2vurIJSutZ1smHYTcLpRWEOlHnzcWHmBYrOGUysKwSsrC89BCiFj3CbrfJ/nXFdJepOVrY1GCHQ==",
      "requires": {
        "loose-envify": "^1.4.0",
        "object-assign": "^4.1.1",
        "react-is": "^16.8.1"
      }
    },
    "react-dropdown": {
      "version": "1.6.4",
      "resolved": "https://registry.npmjs.org/react-dropdown/-/react-dropdown-1.6.4.tgz",
      "integrity": "sha512-zTlNRZ6vzjEPsodBNgh6Xjp9IempEx9sReH3crT2Jw4S6KW2wS/BRIH3d/grYf/iXARadDRD91//uUCs9yjoLg==",
      "requires": {
        "classnames": "^2.2.3"
      }
    },
    "react-hot-loader": {
      "version": "4.7.1",
      "resolved": "https://registry.npmjs.org/react-hot-loader/-/react-hot-loader-4.7.1.tgz",
      "integrity": "sha512-OVq9tBndJ+KJWyWbj6kAkJbRVFx3Ykx+XOlndT3zyxAQMBFFygV+AS9RQi6Z2axkPIcEkuE5K6nkpcjlzR8I9w==",
      "requires": {
        "fast-levenshtein": "^2.0.6",
        "global": "^4.3.0",
        "hoist-non-react-statics": "^2.5.0",
        "loader-utils": "^1.1.0",
        "lodash.merge": "^4.6.1",
        "prop-types": "^15.6.1",
        "react-lifecycles-compat": "^3.0.4",
        "shallowequal": "^1.0.2",
        "source-map": "^0.7.3"
      },
      "dependencies": {
        "hoist-non-react-statics": {
          "version": "2.5.5",
          "resolved": "https://registry.npmjs.org/hoist-non-react-statics/-/hoist-non-react-statics-2.5.5.tgz",
          "integrity": "sha512-rqcy4pJo55FTTLWt+bU8ukscqHeE/e9KWvsOW2b/a3afxQZhwkQdT1rPPCJ0rYXdj4vNcasY8zHTH+jF/qStxw=="
        }
      }
    },
    "react-is": {
      "version": "16.8.3",
      "resolved": "https://registry.npmjs.org/react-is/-/react-is-16.8.3.tgz",
      "integrity": "sha512-Y4rC1ZJmsxxkkPuMLwvKvlL1Zfpbcu+Bf4ZigkHup3v9EfdYhAlWAaVyA19olXq2o2mGn0w+dFKvk3pVVlYcIA=="
    },
    "react-lifecycles-compat": {
      "version": "3.0.4",
      "resolved": "https://registry.npmjs.org/react-lifecycles-compat/-/react-lifecycles-compat-3.0.4.tgz",
      "integrity": "sha512-fBASbA6LnOU9dOU2eW7aQ8xmYBSXUIWr+UmF9b1efZBazGNO+rcXT/icdKnYm2pTwcRylVUYwW7H1PHfLekVzA=="
    },
    "react-tabs": {
      "version": "2.3.0",
      "resolved": "https://registry.npmjs.org/react-tabs/-/react-tabs-2.3.0.tgz",
      "integrity": "sha512-pYaefgVy76/36AMEP+B8YuVVzDHa3C5UFZ3REU78zolk0qMxEhKvUFofvDCXyLZwf0RZjxIfiwok1BEb18nHyA==",
      "requires": {
        "classnames": "^2.2.0",
        "prop-types": "^15.5.0"
      }
    },
    "redoc": {
      "version": "2.0.0-rc.2",
      "resolved": "https://registry.npmjs.org/redoc/-/redoc-2.0.0-rc.2.tgz",
      "integrity": "sha512-KsacFfNeBSBwGbWD8zzckYZ9V5TQB33xCl0I2pNQrWEEyhOZyfpp4Sf7qmOVYxj8DzdqHTP/HJiCtH84o68+mg==",
      "requires": {
        "classnames": "^2.2.6",
        "decko": "^1.2.0",
        "dompurify": "^1.0.7",
        "eventemitter3": "^3.0.0",
        "json-pointer": "^0.6.0",
        "json-schema-ref-parser": "^6.0.1",
        "lunr": "^2.3.2",
        "mark.js": "^8.11.1",
        "marked": "^0.6.0",
        "memoize-one": "^4.0.0",
        "mobx-react": "^5.2.5",
        "openapi-sampler": "1.0.0-beta.14",
        "perfect-scrollbar": "^1.4.0",
        "polished": "^2.0.2",
        "prismjs": "^1.15.0",
        "prop-types": "^15.6.2",
        "react-dropdown": "^1.6.2",
        "react-hot-loader": "^4.3.5",
        "react-tabs": "^2.0.0",
        "slugify": "^1.3.1",
        "stickyfill": "^1.1.1",
        "tslib": "^1.9.3"
      }
    },
    "regenerator-runtime": {
      "version": "0.12.1",
      "resolved": "https://registry.npmjs.org/regenerator-runtime/-/regenerator-runtime-0.12.1.tgz",
      "integrity": "sha512-odxIc1/vDlo4iZcfXqRYFj0vpXFNoGdKMAUieAlFYO6m/nl5e9KR/beGf41z4a1FI+aQgtjhuaSlDxQ0hmkrHg=="
    },
    "select": {
      "version": "1.1.2",
      "resolved": "https://registry.npmjs.org/select/-/select-1.1.2.tgz",
      "integrity": "sha1-DnNQrN7ICxEIUoeG7B1EGNEbOW0=",
      "optional": true
    },
    "shallowequal": {
      "version": "1.1.0",
      "resolved": "https://registry.npmjs.org/shallowequal/-/shallowequal-1.1.0.tgz",
      "integrity": "sha512-y0m1JoUZSlPAjXVtPPW70aZWfIL/dSP7AFkRnniLCrK/8MDKog3TySTBmckD+RObVxH0v4Tox67+F14PdED2oQ=="
    },
    "slugify": {
      "version": "1.3.4",
      "resolved": "https://registry.npmjs.org/slugify/-/slugify-1.3.4.tgz",
      "integrity": "sha512-KP0ZYk5hJNBS8/eIjGkFDCzGQIoZ1mnfQRYS5WM3273z+fxGWXeN0fkwf2ebEweydv9tioZIHGZKoF21U07/nw=="
    },
    "source-map": {
      "version": "0.7.3",
      "resolved": "https://registry.npmjs.org/source-map/-/source-map-0.7.3.tgz",
      "integrity": "sha512-CkCj6giN3S+n9qrYiBTX5gystlENnRW5jZeNLHpe6aue+SrHcG5VYwujhW9s4dY31mEGsxBDrHR6oI69fTXsaQ=="
    },
    "sprintf-js": {
      "version": "1.0.3",
      "resolved": "https://registry.npmjs.org/sprintf-js/-/sprintf-js-1.0.3.tgz",
      "integrity": "sha1-BOaSb2YolTVPPdAVIDYzuFcpfiw="
    },
    "stickyfill": {
      "version": "1.1.1",
      "resolved": "https://registry.npmjs.org/stickyfill/-/stickyfill-1.1.1.tgz",
      "integrity": "sha1-OUE/7p0CXHSn5ZzuyyN4TMDxfwI="
    },
    "tiny-emitter": {
      "version": "2.1.0",
      "resolved": "https://registry.npmjs.org/tiny-emitter/-/tiny-emitter-2.1.0.tgz",
      "integrity": "sha512-NB6Dk1A9xgQPMoGqC5CVXn123gWyte215ONT5Pp5a0yt4nlEoO1ZWeCwpncaekPHXO60i47ihFnZPiRPjRMq4Q==",
      "optional": true
    },
    "tslib": {
      "version": "1.9.3",
      "resolved": "https://registry.npmjs.org/tslib/-/tslib-1.9.3.tgz",
      "integrity": "sha512-4krF8scpejhaOgqzBEcGM7yDIEfi0/8+8zDRZhNZZ2kjmHJ4hv3zCbQWxoJGz1iw5U0Jl0nma13xzHXcncMavQ=="
    }
  }
}
