{
  "name": "swashbuckle",
  "version": "1.0.0",
  "lockfileVersion": 3,
  "requires": true,
  "packages": {
    "": {
      "name": "swashbuckle",
      "version": "1.0.0",
      "hasInstallScript": true,
      "dependencies": {
        "swagger-ui-dist": "5.29.2"
      }
    },
    "node_modules/@scarf/scarf": {
      "version": "1.4.0",
      "resolved": "https://registry.npmjs.org/@scarf/scarf/-/scarf-1.4.0.tgz",
      "integrity": "sha512-xxeapPiUXdZAE3che6f3xogoJPeZgig6omHEy1rIY5WVsB3H2BHNnZH+gHG6x91SCWyQCzWGsuL2Hh3ClO5/qQ==",
      "hasInstallScript": true,
      "license": "Apache-2.0"
    },
    "node_modules/swagger-ui-dist": {
      "version": "5.29.2",
      "resolved": "https://registry.npmjs.org/swagger-ui-dist/-/swagger-ui-dist-5.29.2.tgz",
      "integrity": "sha512-MbnWUJT5Qm3eFOZUKNEXwY987n99U121dN0VGezL/yuxYr13ytu1yMWX1Cg2iqJyWwZfWtWyr0pC2Sp+KYYzTw==",
      "license": "Apache-2.0",
      "dependencies": {
        "@scarf/scarf": "=1.4.0"
      }
    }
  }
}
