{
  "name": "swashbuckle",
  "version": "1.0.0",
  "lockfileVersion": 3,
  "requires": true,
  "packages": {
    "": {
      "name": "swashbuckle",
      "version": "1.0.0",
      "hasInstallScript": true,
      "dependencies": {
        "swagger-ui-dist": "5.17.1"
      }
    },
    "node_modules/swagger-ui-dist": {
      "version": "5.17.1",
      "resolved": "https://registry.npmjs.org/swagger-ui-dist/-/swagger-ui-dist-5.17.1.tgz",
      "integrity": "sha512-6MNu1MYNALLFvcPpo2MJVJFIxz2rFkH+XoX+J72LBLdj4JLjVaP4lHmNHtJ/tXZUXHdsb2Iw9JhPlqspjkomQg=="
    }
  }
}
