{
  "name": "swashbuckle",
  "version": "1.0.0",
  "lockfileVersion": 1,
  "requires": true,
  "dependencies": {
    "swagger-ui-dist": {
      "version": "3.24.0",
      "resolved": "https://registry.npmjs.org/swagger-ui-dist/-/swagger-ui-dist-3.24.0.tgz",
      "integrity": "sha512-5uAjeEqV+zbtalBDXAIrkqUZwsUHYwvBSeGYlFcLj1ERS3jfprL4OPLSSriDoeXCtNmWzpz5aooV2qJW+DqdUQ=="
    }
  }
}
